// !$*UTF8*$!
{
	archiveVersion = 1;
	classes = {
	};
	objectVersion = 46;
	objects = {

/* Begin PBXBuildFile section */
		023C308F1C4636FA00BDBA36 /* sample_gif_editor.gif in Resources */ = {isa = PBXBuildFile; fileRef = 023C308E1C4636FA00BDBA36 /* sample_gif_editor.gif */; };
		02B1DCC4B14CBC08AEA93089 /* libPods-TuSDKDemo.a in Frameworks */ = {isa = PBXBuildFile; fileRef = A29EF45AC7B4F4A0A900E682 /* libPods-TuSDKDemo.a */; };
		02D1ABC91CF1911B00C8497D /* sample_watermark.png in Resources */ = {isa = PBXBuildFile; fileRef = 02D1ABC81CF1911B00C8497D /* sample_watermark.png */; };
		02FC3D691D87B01E00FA197B /* TuSDK.bundle in Resources */ = {isa = PBXBuildFile; fileRef = 02FC3D681D87B01E00FA197B /* TuSDK.bundle */; };
		DC7B2B761AF21D9D00EBA4FD /* Localizable.strings in Resources */ = {isa = PBXBuildFile; fileRef = DC7B2B781AF21D9D00EBA4FD /* Localizable.strings */; };
		DC8851B11A45221000839674 /* Images.xcassets in Resources */ = {isa = PBXBuildFile; fileRef = DC8851AF1A45221000839674 /* Images.xcassets */; };
		DC8851B21A45221000839674 /* sample_photo.jpg in Resources */ = {isa = PBXBuildFile; fileRef = DC8851B01A45221000839674 /* sample_photo.jpg */; };
		DC98F07D1A17668F006B6417 /* main.m in Sources */ = {isa = PBXBuildFile; fileRef = DC98F07C1A17668F006B6417 /* main.m */; };
		DC98F0971A17668F006B6417 /* TuSDKDemoTests.m in Sources */ = {isa = PBXBuildFile; fileRef = DC98F0961A17668F006B6417 /* TuSDKDemoTests.m */; };
		DCF7DFAE1BCCF397002CB757 /* Photos.framework in Frameworks */ = {isa = PBXBuildFile; fileRef = DCF7DFAD1BCCF397002CB757 /* Photos.framework */; settings = {ATTRIBUTES = (Weak, ); }; };
		F816F1E4214F3C59005A9F3E /* GeeV2Sample.m in Sources */ = {isa = PBXBuildFile; fileRef = F816F1AB214F3C59005A9F3E /* GeeV2Sample.m */; };
		F816F1E5214F3C59005A9F3E /* DemoRootViewController.m in Sources */ = {isa = PBXBuildFile; fileRef = F816F1AD214F3C59005A9F3E /* DemoRootViewController.m */; };
		F816F1E6214F3C59005A9F3E /* SampleBase.m in Sources */ = {isa = PBXBuildFile; fileRef = F816F1AE214F3C59005A9F3E /* SampleBase.m */; };
		F816F1E7214F3C59005A9F3E /* CustomizedEditAndCutComponent.m in Sources */ = {isa = PBXBuildFile; fileRef = F816F1B3214F3C59005A9F3E /* CustomizedEditAndCutComponent.m */; };
		F816F1E8214F3C59005A9F3E /* CustomizedCameraComponent.m in Sources */ = {isa = PBXBuildFile; fileRef = F816F1B6214F3C59005A9F3E /* CustomizedCameraComponent.m */; };
		F816F1ED214F3C59005A9F3E /* AlbumComponentSample.m in Sources */ = {isa = PBXBuildFile; fileRef = F816F1C4214F3C59005A9F3E /* AlbumComponentSample.m */; };
		F816F1EE214F3C59005A9F3E /* AlbumMultipleComponentSample.m in Sources */ = {isa = PBXBuildFile; fileRef = F816F1C5214F3C59005A9F3E /* AlbumMultipleComponentSample.m */; };
		F816F1EF214F3C59005A9F3E /* GifImageViewController.m in Sources */ = {isa = PBXBuildFile; fileRef = F816F1C6214F3C59005A9F3E /* GifImageViewController.m */; };
		F816F1F0214F3C59005A9F3E /* DefineCameraBaseComponent.m in Sources */ = {isa = PBXBuildFile; fileRef = F816F1C9214F3C59005A9F3E /* DefineCameraBaseComponent.m */; };
		F816F1F1214F3C59005A9F3E /* EditFilterSampleController.m in Sources */ = {isa = PBXBuildFile; fileRef = F816F1CC214F3C59005A9F3E /* EditFilterSampleController.m */; };
		F816F1F2214F3C59005A9F3E /* StickerSampleController.m in Sources */ = {isa = PBXBuildFile; fileRef = F816F1CD214F3C59005A9F3E /* StickerSampleController.m */; };
		F816F1F3214F3C59005A9F3E /* CameraAndEditorSample.m in Sources */ = {isa = PBXBuildFile; fileRef = F816F1CE214F3C59005A9F3E /* CameraAndEditorSample.m */; };
		F816F1F4214F3C59005A9F3E /* SelfishCameraSample.m in Sources */ = {isa = PBXBuildFile; fileRef = F816F1CF214F3C59005A9F3E /* SelfishCameraSample.m */; };
		F816F1F5214F3C59005A9F3E /* WipeAndFilterSampleController.m in Sources */ = {isa = PBXBuildFile; fileRef = F816F1D1214F3C59005A9F3E /* WipeAndFilterSampleController.m */; };
		F816F1F6214F3C59005A9F3E /* CameraComponentSample.m in Sources */ = {isa = PBXBuildFile; fileRef = F816F1D7214F3C59005A9F3E /* CameraComponentSample.m */; };
		F816F1F7214F3C59005A9F3E /* EditMultipleComponentSample.m in Sources */ = {isa = PBXBuildFile; fileRef = F816F1D8214F3C59005A9F3E /* EditMultipleComponentSample.m */; };
		F816F1F8214F3C59005A9F3E /* EditAdvancedComponentSample.m in Sources */ = {isa = PBXBuildFile; fileRef = F816F1D9214F3C59005A9F3E /* EditAdvancedComponentSample.m */; };
		F816F1F9214F3C59005A9F3E /* EditAndCutComponentSample.m in Sources */ = {isa = PBXBuildFile; fileRef = F816F1DA214F3C59005A9F3E /* EditAndCutComponentSample.m */; };
		F816F1FA214F3C59005A9F3E /* EditAvatarComponentSample.m in Sources */ = {isa = PBXBuildFile; fileRef = F816F1DC214F3C59005A9F3E /* EditAvatarComponentSample.m */; };
		F816F1FB214F3C59005A9F3E /* DemoRootView.m in Sources */ = {isa = PBXBuildFile; fileRef = F816F1E0214F3C59005A9F3E /* DemoRootView.m */; };
		F816F1FC214F3C59005A9F3E /* DemoComponentListController.m in Sources */ = {isa = PBXBuildFile; fileRef = F816F1E3214F3C59005A9F3E /* DemoComponentListController.m */; };
		F843862A1EEAB73100DB21CC /* homepage_bg@2x.png in Resources */ = {isa = PBXBuildFile; fileRef = F843861E1EEAB73100DB21CC /* homepage_bg@2x.png */; };
		F843862B1EEAB73100DB21CC /* homepage_bg@3x.png in Resources */ = {isa = PBXBuildFile; fileRef = F843861F1EEAB73100DB21CC /* homepage_bg@3x.png */; };
		F843862C1EEAB73100DB21CC /* homepage_button_normal@2x.png in Resources */ = {isa = PBXBuildFile; fileRef = F84386201EEAB73100DB21CC /* homepage_button_normal@2x.png */; };
		F843862D1EEAB73100DB21CC /* homepage_button_normal@3x.png in Resources */ = {isa = PBXBuildFile; fileRef = F84386211EEAB73100DB21CC /* homepage_button_normal@3x.png */; };
		F843862E1EEAB73100DB21CC /* homepage_icon_beauty@2x.png in Resources */ = {isa = PBXBuildFile; fileRef = F84386221EEAB73100DB21CC /* homepage_icon_beauty@2x.png */; };
		F843862F1EEAB73100DB21CC /* homepage_icon_beauty@3x.png in Resources */ = {isa = PBXBuildFile; fileRef = F84386231EEAB73100DB21CC /* homepage_icon_beauty@3x.png */; };
		F84386301EEAB73100DB21CC /* homepage_icon_camera@2x.png in Resources */ = {isa = PBXBuildFile; fileRef = F84386241EEAB73100DB21CC /* homepage_icon_camera@2x.png */; };
		F84386311EEAB73100DB21CC /* homepage_icon_camera@3x.png in Resources */ = {isa = PBXBuildFile; fileRef = F84386251EEAB73100DB21CC /* homepage_icon_camera@3x.png */; };
		F84386321EEAB73100DB21CC /* homepage_icon_next@2x.png in Resources */ = {isa = PBXBuildFile; fileRef = F84386261EEAB73100DB21CC /* homepage_icon_next@2x.png */; };
		F84386331EEAB73100DB21CC /* homepage_icon_next@3x.png in Resources */ = {isa = PBXBuildFile; fileRef = F84386271EEAB73100DB21CC /* homepage_icon_next@3x.png */; };
		F84386341EEAB73100DB21CC /* homepage_icon_tools@2x.png in Resources */ = {isa = PBXBuildFile; fileRef = F84386281EEAB73100DB21CC /* homepage_icon_tools@2x.png */; };
		F84386351EEAB73100DB21CC /* homepage_icon_tools@3x.png in Resources */ = {isa = PBXBuildFile; fileRef = F84386291EEAB73100DB21CC /* homepage_icon_tools@3x.png */; };
		F86082141F0691780009C8E9 /* AppDelegate.m in Sources */ = {isa = PBXBuildFile; fileRef = F86082131F0691780009C8E9 /* AppDelegate.m */; };
		F86082181F0691AE0009C8E9 /* Bugly.framework in Frameworks */ = {isa = PBXBuildFile; fileRef = F86082171F0691AE0009C8E9 /* Bugly.framework */; };
		F8E284411FBD321D004A6A59 /* iphonex_homepage_bg@3x.png in Resources */ = {isa = PBXBuildFile; fileRef = F8E284401FBD321C004A6A59 /* iphonex_homepage_bg@3x.png */; };
/* End PBXBuildFile section */

/* Begin PBXContainerItemProxy section */
		DC98F0911A17668F006B6417 /* PBXContainerItemProxy */ = {
			isa = PBXContainerItemProxy;
			containerPortal = DC98F06F1A17668F006B6417 /* Project object */;
			proxyType = 1;
			remoteGlobalIDString = DC98F0761A17668F006B6417;
			remoteInfo = TuSDKDemo;
		};
/* End PBXContainerItemProxy section */

/* Begin PBXFileReference section */
		023C308E1C4636FA00BDBA36 /* sample_gif_editor.gif */ = {isa = PBXFileReference; lastKnownFileType = image.gif; path = sample_gif_editor.gif; sourceTree = "<group>"; };
		02D1ABC81CF1911B00C8497D /* sample_watermark.png */ = {isa = PBXFileReference; lastKnownFileType = image.png; path = sample_watermark.png; sourceTree = "<group>"; };
		02FC3D681D87B01E00FA197B /* TuSDK.bundle */ = {isa = PBXFileReference; lastKnownFileType = "wrapper.plug-in"; path = TuSDK.bundle; sourceTree = "<group>"; };
		4B512CD286AD0B85A6401C62 /* Pods-TuSDKDemo.debug.xcconfig */ = {isa = PBXFileReference; includeInIndex = 1; lastKnownFileType = text.xcconfig; name = "Pods-TuSDKDemo.debug.xcconfig"; path = "Pods/Target Support Files/Pods-TuSDKDemo/Pods-TuSDKDemo.debug.xcconfig"; sourceTree = "<group>"; };
		A29EF45AC7B4F4A0A900E682 /* libPods-TuSDKDemo.a */ = {isa = PBXFileReference; explicitFileType = archive.ar; includeInIndex = 0; path = "libPods-TuSDKDemo.a"; sourceTree = BUILT_PRODUCTS_DIR; };
		D5C96084C1E5DA5E8983D9CE /* Pods-TuSDKDemo.release.xcconfig */ = {isa = PBXFileReference; includeInIndex = 1; lastKnownFileType = text.xcconfig; name = "Pods-TuSDKDemo.release.xcconfig"; path = "Pods/Target Support Files/Pods-TuSDKDemo/Pods-TuSDKDemo.release.xcconfig"; sourceTree = "<group>"; };
		DC1260401B4C17A000E69B3D /* en */ = {isa = PBXFileReference; lastKnownFileType = text.plist.strings; name = en; path = en.lproj/Localizable.strings; sourceTree = "<group>"; };
		DC7B2B771AF21D9D00EBA4FD /* Base */ = {isa = PBXFileReference; lastKnownFileType = text.plist.strings; name = Base; path = Base.lproj/Localizable.strings; sourceTree = "<group>"; };
		DC8851AF1A45221000839674 /* Images.xcassets */ = {isa = PBXFileReference; lastKnownFileType = folder.assetcatalog; path = Images.xcassets; sourceTree = "<group>"; };
		DC8851B01A45221000839674 /* sample_photo.jpg */ = {isa = PBXFileReference; lastKnownFileType = image.jpeg; path = sample_photo.jpg; sourceTree = "<group>"; };
		DC98F0771A17668F006B6417 /* TuSDKDemo.app */ = {isa = PBXFileReference; explicitFileType = wrapper.application; includeInIndex = 0; path = TuSDKDemo.app; sourceTree = BUILT_PRODUCTS_DIR; };
		DC98F07B1A17668F006B6417 /* Info.plist */ = {isa = PBXFileReference; lastKnownFileType = text.plist.xml; path = Info.plist; sourceTree = "<group>"; };
		DC98F07C1A17668F006B6417 /* main.m */ = {isa = PBXFileReference; lastKnownFileType = sourcecode.c.objc; path = main.m; sourceTree = "<group>"; };
		DC98F0901A17668F006B6417 /* TuSDKDemoTests.xctest */ = {isa = PBXFileReference; explicitFileType = wrapper.cfbundle; includeInIndex = 0; path = TuSDKDemoTests.xctest; sourceTree = BUILT_PRODUCTS_DIR; };
		DC98F0951A17668F006B6417 /* Info.plist */ = {isa = PBXFileReference; lastKnownFileType = text.plist.xml; path = Info.plist; sourceTree = "<group>"; };
		DC98F0961A17668F006B6417 /* TuSDKDemoTests.m */ = {isa = PBXFileReference; lastKnownFileType = sourcecode.c.objc; path = TuSDKDemoTests.m; sourceTree = "<group>"; };
		DCA81D751AF23411003C5882 /* TuSDKFramework.h */ = {isa = PBXFileReference; lastKnownFileType = sourcecode.c.h; path = TuSDKFramework.h; sourceTree = "<group>"; };
		DCCF69AC1B4C216F00DE7E70 /* zh-Hans */ = {isa = PBXFileReference; lastKnownFileType = text.plist.strings; name = "zh-Hans"; path = "zh-Hans.lproj/Localizable.strings"; sourceTree = "<group>"; };
		DCF7DFAD1BCCF397002CB757 /* Photos.framework */ = {isa = PBXFileReference; lastKnownFileType = wrapper.framework; name = Photos.framework; path = System/Library/Frameworks/Photos.framework; sourceTree = SDKROOT; };
		F816F1AB214F3C59005A9F3E /* GeeV2Sample.m */ = {isa = PBXFileReference; fileEncoding = 4; lastKnownFileType = sourcecode.c.objc; path = GeeV2Sample.m; sourceTree = "<group>"; };
		F816F1AC214F3C59005A9F3E /* GeeV2Sample.h */ = {isa = PBXFileReference; fileEncoding = 4; lastKnownFileType = sourcecode.c.h; path = GeeV2Sample.h; sourceTree = "<group>"; };
		F816F1AD214F3C59005A9F3E /* DemoRootViewController.m */ = {isa = PBXFileReference; fileEncoding = 4; lastKnownFileType = sourcecode.c.objc; path = DemoRootViewController.m; sourceTree = "<group>"; };
		F816F1AE214F3C59005A9F3E /* SampleBase.m */ = {isa = PBXFileReference; fileEncoding = 4; lastKnownFileType = sourcecode.c.objc; path = SampleBase.m; sourceTree = "<group>"; };
		F816F1AF214F3C59005A9F3E /* DemoRootView.h */ = {isa = PBXFileReference; fileEncoding = 4; lastKnownFileType = sourcecode.c.h; path = DemoRootView.h; sourceTree = "<group>"; };
		F816F1B0214F3C59005A9F3E /* DemoComponentListController.h */ = {isa = PBXFileReference; fileEncoding = 4; lastKnownFileType = sourcecode.c.h; path = DemoComponentListController.h; sourceTree = "<group>"; };
		F816F1B3214F3C59005A9F3E /* CustomizedEditAndCutComponent.m */ = {isa = PBXFileReference; fileEncoding = 4; lastKnownFileType = sourcecode.c.objc; path = CustomizedEditAndCutComponent.m; sourceTree = "<group>"; };
		F816F1B4214F3C59005A9F3E /* CustomizedCameraComponent.h */ = {isa = PBXFileReference; fileEncoding = 4; lastKnownFileType = sourcecode.c.h; path = CustomizedCameraComponent.h; sourceTree = "<group>"; };
		F816F1B5214F3C59005A9F3E /* CustomizedEditAndCutComponent.h */ = {isa = PBXFileReference; fileEncoding = 4; lastKnownFileType = sourcecode.c.h; path = CustomizedEditAndCutComponent.h; sourceTree = "<group>"; };
		F816F1B6214F3C59005A9F3E /* CustomizedCameraComponent.m */ = {isa = PBXFileReference; fileEncoding = 4; lastKnownFileType = sourcecode.c.objc; path = CustomizedCameraComponent.m; sourceTree = "<group>"; };
		F816F1C1214F3C59005A9F3E /* AlbumComponentSample.h */ = {isa = PBXFileReference; fileEncoding = 4; lastKnownFileType = sourcecode.c.h; path = AlbumComponentSample.h; sourceTree = "<group>"; };
		F816F1C2214F3C59005A9F3E /* GifImageViewController.h */ = {isa = PBXFileReference; fileEncoding = 4; lastKnownFileType = sourcecode.c.h; path = GifImageViewController.h; sourceTree = "<group>"; };
		F816F1C3214F3C59005A9F3E /* AlbumMultipleComponentSample.h */ = {isa = PBXFileReference; fileEncoding = 4; lastKnownFileType = sourcecode.c.h; path = AlbumMultipleComponentSample.h; sourceTree = "<group>"; };
		F816F1C4214F3C59005A9F3E /* AlbumComponentSample.m */ = {isa = PBXFileReference; fileEncoding = 4; lastKnownFileType = sourcecode.c.objc; path = AlbumComponentSample.m; sourceTree = "<group>"; };
		F816F1C5214F3C59005A9F3E /* AlbumMultipleComponentSample.m */ = {isa = PBXFileReference; fileEncoding = 4; lastKnownFileType = sourcecode.c.objc; path = AlbumMultipleComponentSample.m; sourceTree = "<group>"; };
		F816F1C6214F3C59005A9F3E /* GifImageViewController.m */ = {isa = PBXFileReference; fileEncoding = 4; lastKnownFileType = sourcecode.c.objc; path = GifImageViewController.m; sourceTree = "<group>"; };
		F816F1C8214F3C59005A9F3E /* DefineCameraBaseComponent.h */ = {isa = PBXFileReference; fileEncoding = 4; lastKnownFileType = sourcecode.c.h; path = DefineCameraBaseComponent.h; sourceTree = "<group>"; };
		F816F1C9214F3C59005A9F3E /* DefineCameraBaseComponent.m */ = {isa = PBXFileReference; fileEncoding = 4; lastKnownFileType = sourcecode.c.objc; path = DefineCameraBaseComponent.m; sourceTree = "<group>"; };
		F816F1CB214F3C59005A9F3E /* WipeAndFilterSampleController.h */ = {isa = PBXFileReference; fileEncoding = 4; lastKnownFileType = sourcecode.c.h; path = WipeAndFilterSampleController.h; sourceTree = "<group>"; };
		F816F1CC214F3C59005A9F3E /* EditFilterSampleController.m */ = {isa = PBXFileReference; fileEncoding = 4; lastKnownFileType = sourcecode.c.objc; path = EditFilterSampleController.m; sourceTree = "<group>"; };
		F816F1CD214F3C59005A9F3E /* StickerSampleController.m */ = {isa = PBXFileReference; fileEncoding = 4; lastKnownFileType = sourcecode.c.objc; path = StickerSampleController.m; sourceTree = "<group>"; };
		F816F1CE214F3C59005A9F3E /* CameraAndEditorSample.m */ = {isa = PBXFileReference; fileEncoding = 4; lastKnownFileType = sourcecode.c.objc; path = CameraAndEditorSample.m; sourceTree = "<group>"; };
		F816F1CF214F3C59005A9F3E /* SelfishCameraSample.m */ = {isa = PBXFileReference; fileEncoding = 4; lastKnownFileType = sourcecode.c.objc; path = SelfishCameraSample.m; sourceTree = "<group>"; };
		F816F1D0214F3C59005A9F3E /* EditFilterSampleController.h */ = {isa = PBXFileReference; fileEncoding = 4; lastKnownFileType = sourcecode.c.h; path = EditFilterSampleController.h; sourceTree = "<group>"; };
		F816F1D1214F3C59005A9F3E /* WipeAndFilterSampleController.m */ = {isa = PBXFileReference; fileEncoding = 4; lastKnownFileType = sourcecode.c.objc; path = WipeAndFilterSampleController.m; sourceTree = "<group>"; };
		F816F1D2214F3C59005A9F3E /* StickerSampleController.h */ = {isa = PBXFileReference; fileEncoding = 4; lastKnownFileType = sourcecode.c.h; path = StickerSampleController.h; sourceTree = "<group>"; };
		F816F1D3214F3C59005A9F3E /* SelfishCameraSample.h */ = {isa = PBXFileReference; fileEncoding = 4; lastKnownFileType = sourcecode.c.h; path = SelfishCameraSample.h; sourceTree = "<group>"; };
		F816F1D4214F3C59005A9F3E /* CameraAndEditorSample.h */ = {isa = PBXFileReference; fileEncoding = 4; lastKnownFileType = sourcecode.c.h; path = CameraAndEditorSample.h; sourceTree = "<group>"; };
		F816F1D6214F3C59005A9F3E /* EditAvatarComponentSample.h */ = {isa = PBXFileReference; fileEncoding = 4; lastKnownFileType = sourcecode.c.h; path = EditAvatarComponentSample.h; sourceTree = "<group>"; };
		F816F1D7214F3C59005A9F3E /* CameraComponentSample.m */ = {isa = PBXFileReference; fileEncoding = 4; lastKnownFileType = sourcecode.c.objc; path = CameraComponentSample.m; sourceTree = "<group>"; };
		F816F1D8214F3C59005A9F3E /* EditMultipleComponentSample.m */ = {isa = PBXFileReference; fileEncoding = 4; lastKnownFileType = sourcecode.c.objc; path = EditMultipleComponentSample.m; sourceTree = "<group>"; };
		F816F1D9214F3C59005A9F3E /* EditAdvancedComponentSample.m */ = {isa = PBXFileReference; fileEncoding = 4; lastKnownFileType = sourcecode.c.objc; path = EditAdvancedComponentSample.m; sourceTree = "<group>"; };
		F816F1DA214F3C59005A9F3E /* EditAndCutComponentSample.m */ = {isa = PBXFileReference; fileEncoding = 4; lastKnownFileType = sourcecode.c.objc; path = EditAndCutComponentSample.m; sourceTree = "<group>"; };
		F816F1DB214F3C59005A9F3E /* CameraComponentSample.h */ = {isa = PBXFileReference; fileEncoding = 4; lastKnownFileType = sourcecode.c.h; path = CameraComponentSample.h; sourceTree = "<group>"; };
		F816F1DC214F3C59005A9F3E /* EditAvatarComponentSample.m */ = {isa = PBXFileReference; fileEncoding = 4; lastKnownFileType = sourcecode.c.objc; path = EditAvatarComponentSample.m; sourceTree = "<group>"; };
		F816F1DD214F3C59005A9F3E /* EditMultipleComponentSample.h */ = {isa = PBXFileReference; fileEncoding = 4; lastKnownFileType = sourcecode.c.h; path = EditMultipleComponentSample.h; sourceTree = "<group>"; };
		F816F1DE214F3C59005A9F3E /* EditAndCutComponentSample.h */ = {isa = PBXFileReference; fileEncoding = 4; lastKnownFileType = sourcecode.c.h; path = EditAndCutComponentSample.h; sourceTree = "<group>"; };
		F816F1DF214F3C59005A9F3E /* EditAdvancedComponentSample.h */ = {isa = PBXFileReference; fileEncoding = 4; lastKnownFileType = sourcecode.c.h; path = EditAdvancedComponentSample.h; sourceTree = "<group>"; };
		F816F1E0214F3C59005A9F3E /* DemoRootView.m */ = {isa = PBXFileReference; fileEncoding = 4; lastKnownFileType = sourcecode.c.objc; path = DemoRootView.m; sourceTree = "<group>"; };
		F816F1E1214F3C59005A9F3E /* SampleBase.h */ = {isa = PBXFileReference; fileEncoding = 4; lastKnownFileType = sourcecode.c.h; path = SampleBase.h; sourceTree = "<group>"; };
		F816F1E2214F3C59005A9F3E /* DemoRootViewController.h */ = {isa = PBXFileReference; fileEncoding = 4; lastKnownFileType = sourcecode.c.h; path = DemoRootViewController.h; sourceTree = "<group>"; };
		F816F1E3214F3C59005A9F3E /* DemoComponentListController.m */ = {isa = PBXFileReference; fileEncoding = 4; lastKnownFileType = sourcecode.c.objc; path = DemoComponentListController.m; sourceTree = "<group>"; };
		F843861E1EEAB73100DB21CC /* homepage_bg@2x.png */ = {isa = PBXFileReference; lastKnownFileType = image.png; path = "homepage_bg@2x.png"; sourceTree = "<group>"; };
		F843861F1EEAB73100DB21CC /* homepage_bg@3x.png */ = {isa = PBXFileReference; lastKnownFileType = image.png; path = "homepage_bg@3x.png"; sourceTree = "<group>"; };
		F84386201EEAB73100DB21CC /* homepage_button_normal@2x.png */ = {isa = PBXFileReference; lastKnownFileType = image.png; path = "homepage_button_normal@2x.png"; sourceTree = "<group>"; };
		F84386211EEAB73100DB21CC /* homepage_button_normal@3x.png */ = {isa = PBXFileReference; lastKnownFileType = image.png; path = "homepage_button_normal@3x.png"; sourceTree = "<group>"; };
		F84386221EEAB73100DB21CC /* homepage_icon_beauty@2x.png */ = {isa = PBXFileReference; lastKnownFileType = image.png; path = "homepage_icon_beauty@2x.png"; sourceTree = "<group>"; };
		F84386231EEAB73100DB21CC /* homepage_icon_beauty@3x.png */ = {isa = PBXFileReference; lastKnownFileType = image.png; path = "homepage_icon_beauty@3x.png"; sourceTree = "<group>"; };
		F84386241EEAB73100DB21CC /* homepage_icon_camera@2x.png */ = {isa = PBXFileReference; lastKnownFileType = image.png; path = "homepage_icon_camera@2x.png"; sourceTree = "<group>"; };
		F84386251EEAB73100DB21CC /* homepage_icon_camera@3x.png */ = {isa = PBXFileReference; lastKnownFileType = image.png; path = "homepage_icon_camera@3x.png"; sourceTree = "<group>"; };
		F84386261EEAB73100DB21CC /* homepage_icon_next@2x.png */ = {isa = PBXFileReference; lastKnownFileType = image.png; path = "homepage_icon_next@2x.png"; sourceTree = "<group>"; };
		F84386271EEAB73100DB21CC /* homepage_icon_next@3x.png */ = {isa = PBXFileReference; lastKnownFileType = image.png; path = "homepage_icon_next@3x.png"; sourceTree = "<group>"; };
		F84386281EEAB73100DB21CC /* homepage_icon_tools@2x.png */ = {isa = PBXFileReference; lastKnownFileType = image.png; path = "homepage_icon_tools@2x.png"; sourceTree = "<group>"; };
		F84386291EEAB73100DB21CC /* homepage_icon_tools@3x.png */ = {isa = PBXFileReference; lastKnownFileType = image.png; path = "homepage_icon_tools@3x.png"; sourceTree = "<group>"; };
		F86082121F0691780009C8E9 /* AppDelegate.h */ = {isa = PBXFileReference; fileEncoding = 4; lastKnownFileType = sourcecode.c.h; path = AppDelegate.h; sourceTree = "<group>"; };
		F86082131F0691780009C8E9 /* AppDelegate.m */ = {isa = PBXFileReference; fileEncoding = 4; lastKnownFileType = sourcecode.c.objc; path = AppDelegate.m; sourceTree = "<group>"; };
		F86082171F0691AE0009C8E9 /* Bugly.framework */ = {isa = PBXFileReference; lastKnownFileType = wrapper.framework; name = Bugly.framework; path = TuSDKDemo/Resources/Bugly.framework; sourceTree = "<group>"; };
		F8E284401FBD321C004A6A59 /* iphonex_homepage_bg@3x.png */ = {isa = PBXFileReference; lastKnownFileType = image.png; path = "iphonex_homepage_bg@3x.png"; sourceTree = "<group>"; };
/* End PBXFileReference section */

/* Begin PBXFrameworksBuildPhase section */
		DC98F0741A17668F006B6417 /* Frameworks */ = {
			isa = PBXFrameworksBuildPhase;
			buildActionMask = 2147483647;
			files = (
				F86082181F0691AE0009C8E9 /* Bugly.framework in Frameworks */,
				DCF7DFAE1BCCF397002CB757 /* Photos.framework in Frameworks */,
				02B1DCC4B14CBC08AEA93089 /* libPods-TuSDKDemo.a in Frameworks */,
			);
			runOnlyForDeploymentPostprocessing = 0;
		};
		DC98F08D1A17668F006B6417 /* Frameworks */ = {
			isa = PBXFrameworksBuildPhase;
			buildActionMask = 2147483647;
			files = (
			);
			runOnlyForDeploymentPostprocessing = 0;
		};
/* End PBXFrameworksBuildPhase section */

/* Begin PBXGroup section */
		5D11620EA6AD867CEE9AE0A9 /* Pods */ = {
			isa = PBXGroup;
			children = (
				4B512CD286AD0B85A6401C62 /* Pods-TuSDKDemo.debug.xcconfig */,
				D5C96084C1E5DA5E8983D9CE /* Pods-TuSDKDemo.release.xcconfig */,
			);
			name = Pods;
			sourceTree = "<group>";
		};
		DC8851AE1A45221000839674 /* Resources */ = {
			isa = PBXGroup;
			children = (
				02FC3D681D87B01E00FA197B /* TuSDK.bundle */,
				DC7B2B781AF21D9D00EBA4FD /* Localizable.strings */,
				DCB3947E1C28F6C700B1174E /* Images */,
				02D1ABC81CF1911B00C8497D /* sample_watermark.png */,
				023C308E1C4636FA00BDBA36 /* sample_gif_editor.gif */,
				DC8851AF1A45221000839674 /* Images.xcassets */,
				DC8851B01A45221000839674 /* sample_photo.jpg */,
			);
			path = Resources;
			sourceTree = "<group>";
		};
		DC98F06E1A17668F006B6417 = {
			isa = PBXGroup;
			children = (
				DD26EFB9BE3EABB13D356AAE /* Frameworks */,
				5D11620EA6AD867CEE9AE0A9 /* Pods */,
				DC98F0781A17668F006B6417 /* Products */,
				DC98F0791A17668F006B6417 /* TuSDKDemo */,
				DC98F0931A17668F006B6417 /* TuSDKDemoTests */,
			);
			sourceTree = "<group>";
		};
		DC98F0781A17668F006B6417 /* Products */ = {
			isa = PBXGroup;
			children = (
				DC98F0771A17668F006B6417 /* TuSDKDemo.app */,
				DC98F0901A17668F006B6417 /* TuSDKDemoTests.xctest */,
			);
			name = Products;
			sourceTree = "<group>";
		};
		DC98F0791A17668F006B6417 /* TuSDKDemo */ = {
			isa = PBXGroup;
			children = (
				F86082121F0691780009C8E9 /* AppDelegate.h */,
				F86082131F0691780009C8E9 /* AppDelegate.m */,
				F816F1A8214F3C59005A9F3E /* Source */,
				DC8851AE1A45221000839674 /* Resources */,
				DC98F07A1A17668F006B6417 /* Supporting Files */,
			);
			path = TuSDKDemo;
			sourceTree = "<group>";
		};
		DC98F07A1A17668F006B6417 /* Supporting Files */ = {
			isa = PBXGroup;
			children = (
				DC98F07B1A17668F006B6417 /* Info.plist */,
				DC98F07C1A17668F006B6417 /* main.m */,
				DCA81D751AF23411003C5882 /* TuSDKFramework.h */,
			);
			name = "Supporting Files";
			sourceTree = "<group>";
		};
		DC98F0931A17668F006B6417 /* TuSDKDemoTests */ = {
			isa = PBXGroup;
			children = (
				DC98F0961A17668F006B6417 /* TuSDKDemoTests.m */,
				DC98F0941A17668F006B6417 /* Supporting Files */,
			);
			path = TuSDKDemoTests;
			sourceTree = "<group>";
		};
		DC98F0941A17668F006B6417 /* Supporting Files */ = {
			isa = PBXGroup;
			children = (
				DC98F0951A17668F006B6417 /* Info.plist */,
			);
			name = "Supporting Files";
			sourceTree = "<group>";
		};
		DCB3947E1C28F6C700B1174E /* Images */ = {
			isa = PBXGroup;
			children = (
				F843861E1EEAB73100DB21CC /* homepage_bg@2x.png */,
				F843861F1EEAB73100DB21CC /* homepage_bg@3x.png */,
				F84386201EEAB73100DB21CC /* homepage_button_normal@2x.png */,
				F8E284401FBD321C004A6A59 /* iphonex_homepage_bg@3x.png */,
				F84386211EEAB73100DB21CC /* homepage_button_normal@3x.png */,
				F84386221EEAB73100DB21CC /* homepage_icon_beauty@2x.png */,
				F84386231EEAB73100DB21CC /* homepage_icon_beauty@3x.png */,
				F84386241EEAB73100DB21CC /* homepage_icon_camera@2x.png */,
				F84386251EEAB73100DB21CC /* homepage_icon_camera@3x.png */,
				F84386261EEAB73100DB21CC /* homepage_icon_next@2x.png */,
				F84386271EEAB73100DB21CC /* homepage_icon_next@3x.png */,
				F84386281EEAB73100DB21CC /* homepage_icon_tools@2x.png */,
				F84386291EEAB73100DB21CC /* homepage_icon_tools@3x.png */,
			);
			path = Images;
			sourceTree = "<group>";
		};
		DD26EFB9BE3EABB13D356AAE /* Frameworks */ = {
			isa = PBXGroup;
			children = (
				F86082171F0691AE0009C8E9 /* Bugly.framework */,
				DCF7DFAD1BCCF397002CB757 /* Photos.framework */,
				A29EF45AC7B4F4A0A900E682 /* libPods-TuSDKDemo.a */,
			);
			name = Frameworks;
			sourceTree = "<group>";
		};
		F816F1A8214F3C59005A9F3E /* Source */ = {
			isa = PBXGroup;
			children = (
				F816F1B0214F3C59005A9F3E /* DemoComponentListController.h */,
				F816F1E3214F3C59005A9F3E /* DemoComponentListController.m */,
				F816F1AF214F3C59005A9F3E /* DemoRootView.h */,
				F816F1E0214F3C59005A9F3E /* DemoRootView.m */,
				F816F1E2214F3C59005A9F3E /* DemoRootViewController.h */,
				F816F1AD214F3C59005A9F3E /* DemoRootViewController.m */,
				F816F1B1214F3C59005A9F3E /* GeeV1 */,
				F816F1A9214F3C59005A9F3E /* GeeV2 */,
				F816F1E1214F3C59005A9F3E /* SampleBase.h */,
				F816F1AE214F3C59005A9F3E /* SampleBase.m */,
			);
			path = Source;
			sourceTree = "<group>";
		};
		F816F1A9214F3C59005A9F3E /* GeeV2 */ = {
			isa = PBXGroup;
			children = (
				F816F1AA214F3C59005A9F3E /* Suite */,
			);
			path = GeeV2;
			sourceTree = "<group>";
		};
		F816F1AA214F3C59005A9F3E /* Suite */ = {
			isa = PBXGroup;
			children = (
				F816F1AB214F3C59005A9F3E /* GeeV2Sample.m */,
				F816F1AC214F3C59005A9F3E /* GeeV2Sample.h */,
			);
			path = Suite;
			sourceTree = "<group>";
		};
		F816F1B1214F3C59005A9F3E /* GeeV1 */ = {
			isa = PBXGroup;
			children = (
				F816F1B2214F3C59005A9F3E /* CustomUI */,
				F816F1C0214F3C59005A9F3E /* Component */,
				F816F1C7214F3C59005A9F3E /* API */,
				F816F1CA214F3C59005A9F3E /* Feature */,
				F816F1D5214F3C59005A9F3E /* Suite */,
			);
			path = GeeV1;
			sourceTree = "<group>";
		};
		F816F1B2214F3C59005A9F3E /* CustomUI */ = {
			isa = PBXGroup;
			children = (
				F816F1B3214F3C59005A9F3E /* CustomizedEditAndCutComponent.m */,
				F816F1B4214F3C59005A9F3E /* CustomizedCameraComponent.h */,
				F816F1B5214F3C59005A9F3E /* CustomizedEditAndCutComponent.h */,
				F816F1B6214F3C59005A9F3E /* CustomizedCameraComponent.m */,
			);
			path = CustomUI;
			sourceTree = "<group>";
		};
		F816F1C0214F3C59005A9F3E /* Component */ = {
			isa = PBXGroup;
			children = (
				F816F1C1214F3C59005A9F3E /* AlbumComponentSample.h */,
				F816F1C4214F3C59005A9F3E /* AlbumComponentSample.m */,
				F816F1C3214F3C59005A9F3E /* AlbumMultipleComponentSample.h */,
				F816F1C5214F3C59005A9F3E /* AlbumMultipleComponentSample.m */,
				F816F1C2214F3C59005A9F3E /* GifImageViewController.h */,
				F816F1C6214F3C59005A9F3E /* GifImageViewController.m */,
			);
			path = Component;
			sourceTree = "<group>";
		};
		F816F1C7214F3C59005A9F3E /* API */ = {
			isa = PBXGroup;
			children = (
				F816F1C8214F3C59005A9F3E /* DefineCameraBaseComponent.h */,
				F816F1C9214F3C59005A9F3E /* DefineCameraBaseComponent.m */,
			);
			path = API;
			sourceTree = "<group>";
		};
		F816F1CA214F3C59005A9F3E /* Feature */ = {
			isa = PBXGroup;
			children = (
				F816F1CB214F3C59005A9F3E /* WipeAndFilterSampleController.h */,
				F816F1CC214F3C59005A9F3E /* EditFilterSampleController.m */,
				F816F1CD214F3C59005A9F3E /* StickerSampleController.m */,
				F816F1CE214F3C59005A9F3E /* CameraAndEditorSample.m */,
				F816F1CF214F3C59005A9F3E /* SelfishCameraSample.m */,
				F816F1D0214F3C59005A9F3E /* EditFilterSampleController.h */,
				F816F1D1214F3C59005A9F3E /* WipeAndFilterSampleController.m */,
				F816F1D2214F3C59005A9F3E /* StickerSampleController.h */,
				F816F1D3214F3C59005A9F3E /* SelfishCameraSample.h */,
				F816F1D4214F3C59005A9F3E /* CameraAndEditorSample.h */,
			);
			path = Feature;
			sourceTree = "<group>";
		};
		F816F1D5214F3C59005A9F3E /* Suite */ = {
			isa = PBXGroup;
			children = (
				F816F1D6214F3C59005A9F3E /* EditAvatarComponentSample.h */,
				F816F1D7214F3C59005A9F3E /* CameraComponentSample.m */,
				F816F1D8214F3C59005A9F3E /* EditMultipleComponentSample.m */,
				F816F1D9214F3C59005A9F3E /* EditAdvancedComponentSample.m */,
				F816F1DA214F3C59005A9F3E /* EditAndCutComponentSample.m */,
				F816F1DB214F3C59005A9F3E /* CameraComponentSample.h */,
				F816F1DC214F3C59005A9F3E /* EditAvatarComponentSample.m */,
				F816F1DD214F3C59005A9F3E /* EditMultipleComponentSample.h */,
				F816F1DE214F3C59005A9F3E /* EditAndCutComponentSample.h */,
				F816F1DF214F3C59005A9F3E /* EditAdvancedComponentSample.h */,
			);
			path = Suite;
			sourceTree = "<group>";
		};
/* End PBXGroup section */

/* Begin PBXNativeTarget section */
		DC98F0761A17668F006B6417 /* TuSDKDemo */ = {
			isa = PBXNativeTarget;
			buildConfigurationList = DC98F09A1A17668F006B6417 /* Build configuration list for PBXNativeTarget "TuSDKDemo" */;
			buildPhases = (
				2451874A0248E0FB495BFD7C /* [CP] Check Pods Manifest.lock */,
				DC98F0731A17668F006B6417 /* Sources */,
				DC98F0741A17668F006B6417 /* Frameworks */,
				DC98F0751A17668F006B6417 /* Resources */,
				B66EDE2B3E5869F7A68C9C66 /* [CP] Copy Pods Resources */,
			);
			buildRules = (
			);
			dependencies = (
			);
			name = TuSDKDemo;
			productName = TuSDKDemo;
			productReference = DC98F0771A17668F006B6417 /* TuSDKDemo.app */;
			productType = "com.apple.product-type.application";
		};
		DC98F08F1A17668F006B6417 /* TuSDKDemoTests */ = {
			isa = PBXNativeTarget;
			buildConfigurationList = DC98F09D1A17668F006B6417 /* Build configuration list for PBXNativeTarget "TuSDKDemoTests" */;
			buildPhases = (
				DC98F08C1A17668F006B6417 /* Sources */,
				DC98F08D1A17668F006B6417 /* Frameworks */,
				DC98F08E1A17668F006B6417 /* Resources */,
			);
			buildRules = (
			);
			dependencies = (
				DC98F0921A17668F006B6417 /* PBXTargetDependency */,
			);
			name = TuSDKDemoTests;
			productName = TuSDKDemoTests;
			productReference = DC98F0901A17668F006B6417 /* TuSDKDemoTests.xctest */;
			productType = "com.apple.product-type.bundle.unit-test";
		};
/* End PBXNativeTarget section */

/* Begin PBXProject section */
		DC98F06F1A17668F006B6417 /* Project object */ = {
			isa = PBXProject;
			attributes = {
				LastUpgradeCheck = 0700;
				ORGANIZATIONNAME = Lasque;
				TargetAttributes = {
					DC98F0761A17668F006B6417 = {
						CreatedOnToolsVersion = 6.1;
						DevelopmentTeam = 9U2KRZU6GT;
						ProvisioningStyle = Automatic;
					};
					DC98F08F1A17668F006B6417 = {
						CreatedOnToolsVersion = 6.1;
						TestTargetID = DC98F0761A17668F006B6417;
					};
				};
			};
			buildConfigurationList = DC98F0721A17668F006B6417 /* Build configuration list for PBXProject "TuSDKDemo" */;
			compatibilityVersion = "Xcode 3.2";
			developmentRegion = English;
			hasScannedForEncodings = 0;
			knownRegions = (
				en,
				Base,
				"zh-Hans",
			);
			mainGroup = DC98F06E1A17668F006B6417;
			productRefGroup = DC98F0781A17668F006B6417 /* Products */;
			projectDirPath = "";
			projectRoot = "";
			targets = (
				DC98F0761A17668F006B6417 /* TuSDKDemo */,
				DC98F08F1A17668F006B6417 /* TuSDKDemoTests */,
			);
		};
/* End PBXProject section */

/* Begin PBXResourcesBuildPhase section */
		DC98F0751A17668F006B6417 /* Resources */ = {
			isa = PBXResourcesBuildPhase;
			buildActionMask = 2147483647;
			files = (
				F84386341EEAB73100DB21CC /* homepage_icon_tools@2x.png in Resources */,
				F843862D1EEAB73100DB21CC /* homepage_button_normal@3x.png in Resources */,
				F84386351EEAB73100DB21CC /* homepage_icon_tools@3x.png in Resources */,
				DC8851B11A45221000839674 /* Images.xcassets in Resources */,
				F84386321EEAB73100DB21CC /* homepage_icon_next@2x.png in Resources */,
				F8E284411FBD321D004A6A59 /* iphonex_homepage_bg@3x.png in Resources */,
				F84386331EEAB73100DB21CC /* homepage_icon_next@3x.png in Resources */,
				F843862A1EEAB73100DB21CC /* homepage_bg@2x.png in Resources */,
				DC7B2B761AF21D9D00EBA4FD /* Localizable.strings in Resources */,
				F843862F1EEAB73100DB21CC /* homepage_icon_beauty@3x.png in Resources */,
				F843862C1EEAB73100DB21CC /* homepage_button_normal@2x.png in Resources */,
				F843862E1EEAB73100DB21CC /* homepage_icon_beauty@2x.png in Resources */,
				DC8851B21A45221000839674 /* sample_photo.jpg in Resources */,
				02D1ABC91CF1911B00C8497D /* sample_watermark.png in Resources */,
				02FC3D691D87B01E00FA197B /* TuSDK.bundle in Resources */,
				F843862B1EEAB73100DB21CC /* homepage_bg@3x.png in Resources */,
				F84386311EEAB73100DB21CC /* homepage_icon_camera@3x.png in Resources */,
				023C308F1C4636FA00BDBA36 /* sample_gif_editor.gif in Resources */,
				F84386301EEAB73100DB21CC /* homepage_icon_camera@2x.png in Resources */,
			);
			runOnlyForDeploymentPostprocessing = 0;
		};
		DC98F08E1A17668F006B6417 /* Resources */ = {
			isa = PBXResourcesBuildPhase;
			buildActionMask = 2147483647;
			files = (
			);
			runOnlyForDeploymentPostprocessing = 0;
		};
/* End PBXResourcesBuildPhase section */

/* Begin PBXShellScriptBuildPhase section */
		2451874A0248E0FB495BFD7C /* [CP] Check Pods Manifest.lock */ = {
			isa = PBXShellScriptBuildPhase;
			buildActionMask = 2147483647;
			files = (
			);
			inputPaths = (
				"${PODS_PODFILE_DIR_PATH}/Podfile.lock",
				"${PODS_ROOT}/Manifest.lock",
			);
			name = "[CP] Check Pods Manifest.lock";
			outputPaths = (
				"$(DERIVED_FILE_DIR)/Pods-TuSDKDemo-checkManifestLockResult.txt",
			);
			runOnlyForDeploymentPostprocessing = 0;
			shellPath = /bin/sh;
			shellScript = "diff \"${PODS_PODFILE_DIR_PATH}/Podfile.lock\" \"${PODS_ROOT}/Manifest.lock\" > /dev/null\nif [ $? != 0 ] ; then\n    # print error to STDERR\n    echo \"error: The sandbox is not in sync with the Podfile.lock. Run 'pod install' or update your CocoaPods installation.\" >&2\n    exit 1\nfi\n# This output is used by Xcode 'outputs' to avoid re-running this script phase.\necho \"SUCCESS\" > \"${SCRIPT_OUTPUT_FILE_0}\"\n";
			showEnvVarsInLog = 0;
		};
		B66EDE2B3E5869F7A68C9C66 /* [CP] Copy Pods Resources */ = {
			isa = PBXShellScriptBuildPhase;
			buildActionMask = 2147483647;
			files = (
			);
			inputPaths = (
				"${SRCROOT}/Pods/Target Support Files/Pods-TuSDKDemo/Pods-TuSDKDemo-resources.sh",
				"${PODS_ROOT}/TuSDK/Localization/Base.lproj",
				"${PODS_ROOT}/TuSDK/Localization/En.lproj",
				"${PODS_ROOT}/TuSDK/Localization/zh-Hant.lproj",
			);
			name = "[CP] Copy Pods Resources";
			outputPaths = (
				"${TARGET_BUILD_DIR}/${UNLOCALIZED_RESOURCES_FOLDER_PATH}/Base.lproj",
				"${TARGET_BUILD_DIR}/${UNLOCALIZED_RESOURCES_FOLDER_PATH}/En.lproj",
				"${TARGET_BUILD_DIR}/${UNLOCALIZED_RESOURCES_FOLDER_PATH}/zh-Hant.lproj",
			);
			runOnlyForDeploymentPostprocessing = 0;
			shellPath = /bin/sh;
			shellScript = "\"${SRCROOT}/Pods/Target Support Files/Pods-TuSDKDemo/Pods-TuSDKDemo-resources.sh\"\n";
			showEnvVarsInLog = 0;
		};
/* End PBXShellScriptBuildPhase section */

/* Begin PBXSourcesBuildPhase section */
		DC98F0731A17668F006B6417 /* Sources */ = {
			isa = PBXSourcesBuildPhase;
			buildActionMask = 2147483647;
			files = (
				F816F1F2214F3C59005A9F3E /* StickerSampleController.m in Sources */,
				F816F1F3214F3C59005A9F3E /* CameraAndEditorSample.m in Sources */,
				F816F1F5214F3C59005A9F3E /* WipeAndFilterSampleController.m in Sources */,
				F816F1EE214F3C59005A9F3E /* AlbumMultipleComponentSample.m in Sources */,
				F816F1E4214F3C59005A9F3E /* GeeV2Sample.m in Sources */,
				F816F1F0214F3C59005A9F3E /* DefineCameraBaseComponent.m in Sources */,
				F816F1E7214F3C59005A9F3E /* CustomizedEditAndCutComponent.m in Sources */,
				F816F1F9214F3C59005A9F3E /* EditAndCutComponentSample.m in Sources */,
				F816F1E8214F3C59005A9F3E /* CustomizedCameraComponent.m in Sources */,
				F816F1F7214F3C59005A9F3E /* EditMultipleComponentSample.m in Sources */,
				F816F1E6214F3C59005A9F3E /* SampleBase.m in Sources */,
				F816F1F4214F3C59005A9F3E /* SelfishCameraSample.m in Sources */,
				F86082141F0691780009C8E9 /* AppDelegate.m in Sources */,
				F816F1F6214F3C59005A9F3E /* CameraComponentSample.m in Sources */,
				F816F1FC214F3C59005A9F3E /* DemoComponentListController.m in Sources */,
				F816F1FB214F3C59005A9F3E /* DemoRootView.m in Sources */,
				F816F1F1214F3C59005A9F3E /* EditFilterSampleController.m in Sources */,
				DC98F07D1A17668F006B6417 /* main.m in Sources */,
				F816F1E5214F3C59005A9F3E /* DemoRootViewController.m in Sources */,
				F816F1F8214F3C59005A9F3E /* EditAdvancedComponentSample.m in Sources */,
				F816F1FA214F3C59005A9F3E /* EditAvatarComponentSample.m in Sources */,
				F816F1ED214F3C59005A9F3E /* AlbumComponentSample.m in Sources */,
				F816F1EF214F3C59005A9F3E /* GifImageViewController.m in Sources */,
			);
			runOnlyForDeploymentPostprocessing = 0;
		};
		DC98F08C1A17668F006B6417 /* Sources */ = {
			isa = PBXSourcesBuildPhase;
			buildActionMask = 2147483647;
			files = (
				DC98F0971A17668F006B6417 /* TuSDKDemoTests.m in Sources */,
			);
			runOnlyForDeploymentPostprocessing = 0;
		};
/* End PBXSourcesBuildPhase section */

/* Begin PBXTargetDependency section */
		DC98F0921A17668F006B6417 /* PBXTargetDependency */ = {
			isa = PBXTargetDependency;
			target = DC98F0761A17668F006B6417 /* TuSDKDemo */;
			targetProxy = DC98F0911A17668F006B6417 /* PBXContainerItemProxy */;
		};
/* End PBXTargetDependency section */

/* Begin PBXVariantGroup section */
		DC7B2B781AF21D9D00EBA4FD /* Localizable.strings */ = {
			isa = PBXVariantGroup;
			children = (
				DC7B2B771AF21D9D00EBA4FD /* Base */,
				DC1260401B4C17A000E69B3D /* en */,
				DCCF69AC1B4C216F00DE7E70 /* zh-Hans */,
			);
			name = Localizable.strings;
			sourceTree = "<group>";
		};
/* End PBXVariantGroup section */

/* Begin XCBuildConfiguration section */
		DC98F0981A17668F006B6417 /* Debug */ = {
			isa = XCBuildConfiguration;
			buildSettings = {
				ALWAYS_SEARCH_USER_PATHS = NO;
				CLANG_CXX_LANGUAGE_STANDARD = "gnu++0x";
				CLANG_CXX_LIBRARY = "libc++";
				CLANG_ENABLE_MODULES = YES;
				CLANG_ENABLE_OBJC_ARC = YES;
				CLANG_WARN_BOOL_CONVERSION = YES;
				CLANG_WARN_CONSTANT_CONVERSION = YES;
				CLANG_WARN_DIRECT_OBJC_ISA_USAGE = YES_ERROR;
				CLANG_WARN_EMPTY_BODY = YES;
				CLANG_WARN_ENUM_CONVERSION = YES;
				CLANG_WARN_INT_CONVERSION = YES;
				CLANG_WARN_OBJC_ROOT_CLASS = YES_ERROR;
				CLANG_WARN_UNREACHABLE_CODE = YES;
				CLANG_WARN__DUPLICATE_METHOD_MATCH = YES;
				"CODE_SIGN_IDENTITY[sdk=iphoneos*]" = "iPhone Developer";
				COPY_PHASE_STRIP = NO;
				ENABLE_STRICT_OBJC_MSGSEND = YES;
				ENABLE_TESTABILITY = YES;
				GCC_C_LANGUAGE_STANDARD = gnu99;
				GCC_DYNAMIC_NO_PIC = NO;
				GCC_OPTIMIZATION_LEVEL = 0;
				GCC_PREPROCESSOR_DEFINITIONS = (
					"DEBUG=1",
					"$(inherited)",
				);
				GCC_SYMBOLS_PRIVATE_EXTERN = NO;
				GCC_WARN_64_TO_32_BIT_CONVERSION = YES;
				GCC_WARN_ABOUT_RETURN_TYPE = YES_ERROR;
				GCC_WARN_UNDECLARED_SELECTOR = YES;
				GCC_WARN_UNINITIALIZED_AUTOS = YES_AGGRESSIVE;
				GCC_WARN_UNUSED_FUNCTION = YES;
				GCC_WARN_UNUSED_VARIABLE = YES;
				IPHONEOS_DEPLOYMENT_TARGET = 5.1;
				MTL_ENABLE_DEBUG_INFO = YES;
				ONLY_ACTIVE_ARCH = YES;
				SDKROOT = iphoneos;
			};
			name = Debug;
		};
		DC98F0991A17668F006B6417 /* Release */ = {
			isa = XCBuildConfiguration;
			buildSettings = {
				ALWAYS_SEARCH_USER_PATHS = NO;
				CLANG_CXX_LANGUAGE_STANDARD = "gnu++0x";
				CLANG_CXX_LIBRARY = "libc++";
				CLANG_ENABLE_MODULES = YES;
				CLANG_ENABLE_OBJC_ARC = YES;
				CLANG_WARN_BOOL_CONVERSION = YES;
				CLANG_WARN_CONSTANT_CONVERSION = YES;
				CLANG_WARN_DIRECT_OBJC_ISA_USAGE = YES_ERROR;
				CLANG_WARN_EMPTY_BODY = YES;
				CLANG_WARN_ENUM_CONVERSION = YES;
				CLANG_WARN_INT_CONVERSION = YES;
				CLANG_WARN_OBJC_ROOT_CLASS = YES_ERROR;
				CLANG_WARN_UNREACHABLE_CODE = YES;
				CLANG_WARN__DUPLICATE_METHOD_MATCH = YES;
				"CODE_SIGN_IDENTITY[sdk=iphoneos*]" = "iPhone Developer";
				COPY_PHASE_STRIP = YES;
				ENABLE_NS_ASSERTIONS = NO;
				ENABLE_STRICT_OBJC_MSGSEND = YES;
				GCC_C_LANGUAGE_STANDARD = gnu99;
				GCC_WARN_64_TO_32_BIT_CONVERSION = YES;
				GCC_WARN_ABOUT_RETURN_TYPE = YES_ERROR;
				GCC_WARN_UNDECLARED_SELECTOR = YES;
				GCC_WARN_UNINITIALIZED_AUTOS = YES_AGGRESSIVE;
				GCC_WARN_UNUSED_FUNCTION = YES;
				GCC_WARN_UNUSED_VARIABLE = YES;
				IPHONEOS_DEPLOYMENT_TARGET = 5.1;
				MTL_ENABLE_DEBUG_INFO = NO;
				SDKROOT = iphoneos;
				VALIDATE_PRODUCT = YES;
			};
			name = Release;
		};
		DC98F09B1A17668F006B6417 /* Debug */ = {
			isa = XCBuildConfiguration;
			baseConfigurationReference = 4B512CD286AD0B85A6401C62 /* Pods-TuSDKDemo.debug.xcconfig */;
			buildSettings = {
				ASSETCATALOG_COMPILER_APPICON_NAME = AppIcon;
				ASSETCATALOG_COMPILER_LAUNCHIMAGE_NAME = LaunchImage;
				"CODE_SIGN_IDENTITY[sdk=iphoneos*]" = "iPhone Developer";
				DEVELOPMENT_TEAM = 9U2KRZU6GT;
				ENABLE_BITCODE = NO;
				FRAMEWORK_SEARCH_PATHS = (
					"$(inherited)",
					"$(PROJECT_DIR)",
					"$(PROJECT_DIR)/TuSDKDemo/Resources",
				);
				INFOPLIST_FILE = TuSDKDemo/Info.plist;
				IPHONEOS_DEPLOYMENT_TARGET = 6.0;
				LD_RUNPATH_SEARCH_PATHS = "$(inherited) @executable_path/Frameworks";
				PRODUCT_BUNDLE_IDENTIFIER = "org.lasque.$(PRODUCT_NAME:rfc1034identifier)";
				PRODUCT_NAME = TuSDKDemo;
				PROVISIONING_PROFILE = "";
				PROVISIONING_PROFILE_SPECIFIER = "";
				TARGETED_DEVICE_FAMILY = 1;
			};
			name = Debug;
		};
		DC98F09C1A17668F006B6417 /* Release */ = {
			isa = XCBuildConfiguration;
			baseConfigurationReference = D5C96084C1E5DA5E8983D9CE /* Pods-TuSDKDemo.release.xcconfig */;
			buildSettings = {
				ASSETCATALOG_COMPILER_APPICON_NAME = AppIcon;
				ASSETCATALOG_COMPILER_LAUNCHIMAGE_NAME = LaunchImage;
				"CODE_SIGN_IDENTITY[sdk=iphoneos*]" = "iPhone Developer";
				DEVELOPMENT_TEAM = 9U2KRZU6GT;
				ENABLE_BITCODE = NO;
				FRAMEWORK_SEARCH_PATHS = (
					"$(inherited)",
					"$(PROJECT_DIR)",
					"$(PROJECT_DIR)/TuSDKDemo/Resources",
				);
				INFOPLIST_FILE = TuSDKDemo/Info.plist;
				IPHONEOS_DEPLOYMENT_TARGET = 6.0;
				LD_RUNPATH_SEARCH_PATHS = "$(inherited) @executable_path/Frameworks";
				PRODUCT_BUNDLE_IDENTIFIER = "org.lasque.$(PRODUCT_NAME:rfc1034identifier)";
				PRODUCT_NAME = TuSDKDemo;
				PROVISIONING_PROFILE = "";
				PROVISIONING_PROFILE_SPECIFIER = "";
				TARGETED_DEVICE_FAMILY = 1;
			};
			name = Release;
		};
		DC98F09E1A17668F006B6417 /* Debug */ = {
			isa = XCBuildConfiguration;
			buildSettings = {
				BUNDLE_LOADER = "$(TEST_HOST)";
				FRAMEWORK_SEARCH_PATHS = (
					"$(SDKROOT)/Developer/Library/Frameworks",
					"$(inherited)",
				);
				GCC_PREPROCESSOR_DEFINITIONS = (
					"DEBUG=1",
					"$(inherited)",
				);
				INFOPLIST_FILE = TuSDKDemoTests/Info.plist;
				LD_RUNPATH_SEARCH_PATHS = "$(inherited) @executable_path/Frameworks @loader_path/Frameworks";
				PRODUCT_BUNDLE_IDENTIFIER = "org.lasque.$(PRODUCT_NAME:rfc1034identifier)";
				PRODUCT_NAME = TuSDKDemoTests;
				TEST_HOST = "$(BUILT_PRODUCTS_DIR)/TuSDKDemo.app/TuSDKDemo";
			};
			name = Debug;
		};
		DC98F09F1A17668F006B6417 /* Release */ = {
			isa = XCBuildConfiguration;
			buildSettings = {
				BUNDLE_LOADER = "$(TEST_HOST)";
				FRAMEWORK_SEARCH_PATHS = (
					"$(SDKROOT)/Developer/Library/Frameworks",
					"$(inherited)",
				);
				INFOPLIST_FILE = TuSDKDemoTests/Info.plist;
				LD_RUNPATH_SEARCH_PATHS = "$(inherited) @executable_path/Frameworks @loader_path/Frameworks";
				PRODUCT_BUNDLE_IDENTIFIER = "org.lasque.$(PRODUCT_NAME:rfc1034identifier)";
				PRODUCT_NAME = TuSDKDemoTests;
				TEST_HOST = "$(BUILT_PRODUCTS_DIR)/TuSDKDemo.app/TuSDKDemo";
			};
			name = Release;
		};
/* End XCBuildConfiguration section */

/* Begin XCConfigurationList section */
		DC98F0721A17668F006B6417 /* Build configuration list for PBXProject "TuSDKDemo" */ = {
			isa = XCConfigurationList;
			buildConfigurations = (
				DC98F0981A17668F006B6417 /* Debug */,
				DC98F0991A17668F006B6417 /* Release */,
			);
			defaultConfigurationIsVisible = 0;
			defaultConfigurationName = Release;
		};
		DC98F09A1A17668F006B6417 /* Build configuration list for PBXNativeTarget "TuSDKDemo" */ = {
			isa = XCConfigurationList;
			buildConfigurations = (
				DC98F09B1A17668F006B6417 /* Debug */,
				DC98F09C1A17668F006B6417 /* Release */,
			);
			defaultConfigurationIsVisible = 0;
			defaultConfigurationName = Release;
		};
		DC98F09D1A17668F006B6417 /* Build configuration list for PBXNativeTarget "TuSDKDemoTests" */ = {
			isa = XCConfigurationList;
			buildConfigurations = (
				DC98F09E1A17668F006B6417 /* Debug */,
				DC98F09F1A17668F006B6417 /* Release */,
			);
			defaultConfigurationIsVisible = 0;
			defaultConfigurationName = Release;
		};
/* End XCConfigurationList section */
	};
	rootObject = DC98F06F1A17668F006B6417 /* Project object */;
}
