PODS:
  - TuSDK (3.2.5):
    - TuSDK/Core (= 3.2.5)
    - TuSDK/ImageGeeV1 (= 3.2.5)
    - TuSDK/ImageGeeV2 (= 3.2.5)
  - TuSDK/Core (3.2.5)
  - TuSDK/ImageGeeV1 (3.2.5)
  - TuSDK/ImageGeeV2 (3.2.5)

DEPENDENCIES:
  - TuSDK (~> 3.2.5)

SPEC REPOS:
  https://github.com/CocoaPods/Specs.git:
    - TuSDK

SPEC CHECKSUMS:
  TuSDK: 168bc5cb76ada985f6304888f9fa4aeac99646e6

PODFILE CHECKSUM: 7517aedf6b89c46e054d3a3f906e577cd2dc66b8

COCOAPODS: 1.9.1
