PODS:
  - TuSDK (3.1.0):
    - TuSDK/Core (= 3.1.0)
    - TuSDK/ImageGeeV1 (= 3.1.0)
    - TuSDK/ImageGeeV2 (= 3.1.0)
  - TuSDK/Core (3.1.0)
  - TuSDK/ImageGeeV1 (3.1.0)
  - TuSDK/ImageGeeV2 (3.1.0)

DEPENDENCIES:
  - TuSDK (~> 3.1.0)

SPEC REPOS:
  https://github.com/cocoapods/specs.git:
    - TuSDK

SPEC CHECKSUMS:
  TuSDK: 9ab1af30ed8948267b08887379b40b1066a7b3c0

PODFILE CHECKSUM: be7baa5d0fd84e0da02efa327243116e01c32dbd

COCOAPODS: 1.7.0
