PODS:
  - GPUImage (0.1.7)
  - TuSDK (2.8.0):
    - TuSDK/Core (= 2.8.0)
    - TuSDK/GPUImage (= 2.8.0)
    - TuSDK/ImageGeeV1 (= 2.8.0)
    - TuSDK/ImageGeeV2 (= 2.8.0)
  - TuSDK/Core (2.8.0)
  - TuSDK/GPUImage (2.8.0):
    - GPUImage (~> 0.1.6)
  - TuSDK/ImageGeeV1 (2.8.0)
  - TuSDK/ImageGeeV2 (2.8.0)

DEPENDENCIES:
  - TuSDK (~> 2.8.0)

SPEC CHECKSUMS:
  GPUImage: 733a5f0fab92df9de1c37ba9df520a833ccb406d
  TuSDK: 0ee6705d4943e124a9b5bfea94f7bf5d100fcdfd

PODFILE CHECKSUM: 7516646dc1a87c51b1ef3d51f7df0348081e255d

COCOAPODS: 1.2.1
