// !$*UTF8*$!
{
	archiveVersion = 1;
	classes = {
	};
	objectVersion = 46;
	objects = {

/* Begin PBXBuildFile section */
		02D1AB671CEF2A0A00C8497D /* sample_photo.jpg in Resources */ = {isa = PBXBuildFile; fileRef = 02D1AB651CEF2A0A00C8497D /* sample_photo.jpg */; };
		02D1AB6E1CF17C9A00C8497D /* sample_watermark.png in Resources */ = {isa = PBXBuildFile; fileRef = 02D1AB6D1CF17C9A00C8497D /* sample_watermark.png */; };
		2A6EF76E26A568F800603711 /* JigsawSampleController.m in Sources */ = {isa = PBXBuildFile; fileRef = 2A6EF76D26A568F700603711 /* JigsawSampleController.m */; };
		2A6EF77E26A7CC7200603711 /* JigsawLayerView.m in Sources */ = {isa = PBXBuildFile; fileRef = 2A6EF77D26A7CC7200603711 /* JigsawLayerView.m */; };
		2A6EF78126A7FC0100603711 /* JigsawLayerItemView.m in Sources */ = {isa = PBXBuildFile; fileRef = 2A6EF78026A7FC0100603711 /* JigsawLayerItemView.m */; };
		2A6EF78526A910B400603711 /* jigsaw_ex3.zip in Resources */ = {isa = PBXBuildFile; fileRef = 2A6EF78226A910B300603711 /* jigsaw_ex3.zip */; };
		2A6EF78626A910B400603711 /* jigsaw_ex2.zip in Resources */ = {isa = PBXBuildFile; fileRef = 2A6EF78326A910B400603711 /* jigsaw_ex2.zip */; };
		2A6EF78726A910B400603711 /* jigsaw_ex.zip in Resources */ = {isa = PBXBuildFile; fileRef = 2A6EF78426A910B400603711 /* jigsaw_ex.zip */; };
		2AC4101C2614589D00148F8F /* FCFileManager.m in Sources */ = {isa = PBXBuildFile; fileRef = 2AC4101B2614589D00148F8F /* FCFileManager.m */; };
		2AC4101F2614673000148F8F /* JMBubbleFilter.m in Sources */ = {isa = PBXBuildFile; fileRef = 2AC4101E2614673000148F8F /* JMBubbleFilter.m */; };
		2AC410222614808700148F8F /* TuCommon.m in Sources */ = {isa = PBXBuildFile; fileRef = 2AC410212614808700148F8F /* TuCommon.m */; };
		33A6771E1D87EBE000107DC7 /* Accelerate.framework in Frameworks */ = {isa = PBXBuildFile; fileRef = 33A65C9D1D864B0000107DC7 /* Accelerate.framework */; };
		427053981DB9B0CE00C62CCC /* DemoComponentListController.m in Sources */ = {isa = PBXBuildFile; fileRef = 427053911DB9B0CD00C62CCC /* DemoComponentListController.m */; };
		427053991DB9B0CE00C62CCC /* DemoRootView.m in Sources */ = {isa = PBXBuildFile; fileRef = 427053931DB9B0CD00C62CCC /* DemoRootView.m */; };
		4270539A1DB9B0CE00C62CCC /* DemoRootViewController.m in Sources */ = {isa = PBXBuildFile; fileRef = 427053951DB9B0CD00C62CCC /* DemoRootViewController.m */; };
		4270539B1DB9B0CE00C62CCC /* SampleBase.m in Sources */ = {isa = PBXBuildFile; fileRef = 427053971DB9B0CD00C62CCC /* SampleBase.m */; };
		427E6BC21D8F979400DE7BF8 /* AlbumComponentSample.m in Sources */ = {isa = PBXBuildFile; fileRef = 427E6B8F1D8F979400DE7BF8 /* AlbumComponentSample.m */; };
		427E6BC31D8F979400DE7BF8 /* AlbumMultipleComponentSample.m in Sources */ = {isa = PBXBuildFile; fileRef = 427E6B911D8F979400DE7BF8 /* AlbumMultipleComponentSample.m */; };
		427E6BC51D8F979400DE7BF8 /* CustomizedCameraComponent.m in Sources */ = {isa = PBXBuildFile; fileRef = 427E6B961D8F979400DE7BF8 /* CustomizedCameraComponent.m */; };
		427E6BC61D8F979400DE7BF8 /* CustomizedEditAndCutComponent.m in Sources */ = {isa = PBXBuildFile; fileRef = 427E6B981D8F979400DE7BF8 /* CustomizedEditAndCutComponent.m */; };
		427E6BCE1D8F979400DE7BF8 /* CameraAndEditorSample.m in Sources */ = {isa = PBXBuildFile; fileRef = 427E6BAA1D8F979400DE7BF8 /* CameraAndEditorSample.m */; };
		427E6BCF1D8F979400DE7BF8 /* EditFilterSampleController.m in Sources */ = {isa = PBXBuildFile; fileRef = 427E6BAC1D8F979400DE7BF8 /* EditFilterSampleController.m */; };
		427E6BD01D8F979400DE7BF8 /* SelfishCameraSample.m in Sources */ = {isa = PBXBuildFile; fileRef = 427E6BAE1D8F979400DE7BF8 /* SelfishCameraSample.m */; };
		427E6BD11D8F979400DE7BF8 /* StickerSampleController.m in Sources */ = {isa = PBXBuildFile; fileRef = 427E6BB01D8F979400DE7BF8 /* StickerSampleController.m */; };
		427E6BD21D8F979400DE7BF8 /* WipeAndFilterSampleController.m in Sources */ = {isa = PBXBuildFile; fileRef = 427E6BB21D8F979400DE7BF8 /* WipeAndFilterSampleController.m */; };
		427E6BD51D8F979400DE7BF8 /* EditAdvancedComponentSample.m in Sources */ = {isa = PBXBuildFile; fileRef = 427E6BB91D8F979400DE7BF8 /* EditAdvancedComponentSample.m */; };
		427E6BD61D8F979400DE7BF8 /* EditAndCutComponentSample.m in Sources */ = {isa = PBXBuildFile; fileRef = 427E6BBB1D8F979400DE7BF8 /* EditAndCutComponentSample.m */; };
		427E6BD71D8F979400DE7BF8 /* EditAvatarComponentSample.m in Sources */ = {isa = PBXBuildFile; fileRef = 427E6BBD1D8F979400DE7BF8 /* EditAvatarComponentSample.m */; };
		42BACA821D8FB472002B849C /* CameraComponentSample.m in Sources */ = {isa = PBXBuildFile; fileRef = 42BACA7F1D8FB472002B849C /* CameraComponentSample.m */; };
		42BACA831D8FB472002B849C /* EditMultipleComponentSample.m in Sources */ = {isa = PBXBuildFile; fileRef = 42BACA811D8FB472002B849C /* EditMultipleComponentSample.m */; };
		42BACA8D1D8FBBB5002B849C /* GeeV2Sample.m in Sources */ = {isa = PBXBuildFile; fileRef = 42BACA8C1D8FBBB5002B849C /* GeeV2Sample.m */; };
		62165F111BCCC22C00AD6279 /* Photos.framework in Frameworks */ = {isa = PBXBuildFile; fileRef = 62165F101BCCC22C00AD6279 /* Photos.framework */; settings = {ATTRIBUTES = (Weak, ); }; };
		62235E7F19FE41FA00F05DA6 /* main.m in Sources */ = {isa = PBXBuildFile; fileRef = 62235E7E19FE41FA00F05DA6 /* main.m */; };
		62235E8219FE41FA00F05DA6 /* AppDelegate.m in Sources */ = {isa = PBXBuildFile; fileRef = 62235E8119FE41FA00F05DA6 /* AppDelegate.m */; };
		62235EEF19FF6B7300F05DA6 /* Images.xcassets in Resources */ = {isa = PBXBuildFile; fileRef = 62235EEE19FF6B7300F05DA6 /* Images.xcassets */; };
		62235EF219FF6C8100F05DA6 /* TuSDK.strings in Resources */ = {isa = PBXBuildFile; fileRef = 62235EF019FF6C8100F05DA6 /* TuSDK.strings */; };
		625540C11A5650E200614A61 /* TuSDKPulse.bundle in Resources */ = {isa = PBXBuildFile; fileRef = 625540C01A5650E200614A61 /* TuSDKPulse.bundle */; };
		626F59F0248E2DF600CFCA7D /* DefineCAEAGLView.m in Sources */ = {isa = PBXBuildFile; fileRef = 626F59EF248E2DF600CFCA7D /* DefineCAEAGLView.m */; };
		628DEDF31AEA0D5F006CC06C /* Localizable.strings in Resources */ = {isa = PBXBuildFile; fileRef = 628DEDF51AEA0D5F006CC06C /* Localizable.strings */; };
		75419B19A2C5A55550FA17A2 /* libPods-TuSDKDemo.a in Frameworks */ = {isa = PBXBuildFile; fileRef = BAC964E7282C119A9411C823 /* libPods-TuSDKDemo.a */; };
		A60D17CB26170C6400F736A9 /* 快乐水.png in Resources */ = {isa = PBXBuildFile; fileRef = A60D17C826170C6400F736A9 /* 快乐水.png */; };
		A60D17CC26170C6400F736A9 /* 带劲.png in Resources */ = {isa = PBXBuildFile; fileRef = A60D17C926170C6400F736A9 /* 带劲.png */; };
		A60D17CD26170C6400F736A9 /* message.png in Resources */ = {isa = PBXBuildFile; fileRef = A60D17CA26170C6400F736A9 /* message.png */; };
		A6ABEE9F26B24C1B00394B41 /* TuSDKGeeV1.framework in Frameworks */ = {isa = PBXBuildFile; fileRef = A6ABEE9426B2481000394B41 /* TuSDKGeeV1.framework */; };
		A6ABEEA026B24C1B00394B41 /* TuSDKGeeV1.framework in Embed Frameworks */ = {isa = PBXBuildFile; fileRef = A6ABEE9426B2481000394B41 /* TuSDKGeeV1.framework */; settings = {ATTRIBUTES = (CodeSignOnCopy, RemoveHeadersOnCopy, ); }; };
		A6ABEEA126B24C1C00394B41 /* TuSDKGeeV2.framework in Frameworks */ = {isa = PBXBuildFile; fileRef = A6ABEE9526B2481000394B41 /* TuSDKGeeV2.framework */; };
		A6ABEEA226B24C1C00394B41 /* TuSDKGeeV2.framework in Embed Frameworks */ = {isa = PBXBuildFile; fileRef = A6ABEE9526B2481000394B41 /* TuSDKGeeV2.framework */; settings = {ATTRIBUTES = (CodeSignOnCopy, RemoveHeadersOnCopy, ); }; };
		A6ABEEAB26B24D2000394B41 /* TuCamera.framework in Frameworks */ = {isa = PBXBuildFile; fileRef = A6ABEE9226B2481000394B41 /* TuCamera.framework */; };
		A6ABEEAC26B24D2000394B41 /* TuCamera.framework in Embed Frameworks */ = {isa = PBXBuildFile; fileRef = A6ABEE9226B2481000394B41 /* TuCamera.framework */; settings = {ATTRIBUTES = (CodeSignOnCopy, RemoveHeadersOnCopy, ); }; };
		A6ABEEAD26B24D2000394B41 /* TuSDKPulse.framework in Frameworks */ = {isa = PBXBuildFile; fileRef = A6ABEE9626B2481000394B41 /* TuSDKPulse.framework */; };
		A6ABEEAE26B24D2000394B41 /* TuSDKPulse.framework in Embed Frameworks */ = {isa = PBXBuildFile; fileRef = A6ABEE9626B2481000394B41 /* TuSDKPulse.framework */; settings = {ATTRIBUTES = (CodeSignOnCopy, RemoveHeadersOnCopy, ); }; };
		A6ABEEAF26B24D2000394B41 /* TuSDKPulseCore.framework in Frameworks */ = {isa = PBXBuildFile; fileRef = A6ABEE9726B2481000394B41 /* TuSDKPulseCore.framework */; };
		A6ABEEB026B24D2000394B41 /* TuSDKPulseCore.framework in Embed Frameworks */ = {isa = PBXBuildFile; fileRef = A6ABEE9726B2481000394B41 /* TuSDKPulseCore.framework */; settings = {ATTRIBUTES = (CodeSignOnCopy, RemoveHeadersOnCopy, ); }; };
		A6ABEEB126B24D2000394B41 /* TuSDKPulseFilter.framework in Frameworks */ = {isa = PBXBuildFile; fileRef = A6ABEE9326B2481000394B41 /* TuSDKPulseFilter.framework */; };
		A6ABEEB226B24D2000394B41 /* TuSDKPulseFilter.framework in Embed Frameworks */ = {isa = PBXBuildFile; fileRef = A6ABEE9326B2481000394B41 /* TuSDKPulseFilter.framework */; settings = {ATTRIBUTES = (CodeSignOnCopy, RemoveHeadersOnCopy, ); }; };
		A6ABEEB326B24D2000394B41 /* TuViews.framework in Frameworks */ = {isa = PBXBuildFile; fileRef = A6ABEE9126B2481000394B41 /* TuViews.framework */; };
		A6ABEEB426B24D2100394B41 /* TuViews.framework in Embed Frameworks */ = {isa = PBXBuildFile; fileRef = A6ABEE9126B2481000394B41 /* TuViews.framework */; settings = {ATTRIBUTES = (CodeSignOnCopy, RemoveHeadersOnCopy, ); }; };
		A6ABEEB626B24E8B00394B41 /* AVFoundation.framework in Frameworks */ = {isa = PBXBuildFile; fileRef = A6ABEEB526B24E8B00394B41 /* AVFoundation.framework */; };
		B88106EC24907C3500CD4448 /* CustomizedNewCameraComponent.m in Sources */ = {isa = PBXBuildFile; fileRef = B88106EA24907C3500CD4448 /* CustomizedNewCameraComponent.m */; };
		B881071024907C5500CD4448 /* ViewSlider.m in Sources */ = {isa = PBXBuildFile; fileRef = B88106F224907C5500CD4448 /* ViewSlider.m */; };
		B881071124907C5500CD4448 /* PageTabbar.m in Sources */ = {isa = PBXBuildFile; fileRef = B88106F424907C5500CD4448 /* PageTabbar.m */; };
		B881071224907C5500CD4448 /* DemoAppearance.m in Sources */ = {isa = PBXBuildFile; fileRef = B88106F724907C5500CD4448 /* DemoAppearance.m */; };
		B881071324907C5500CD4448 /* RecordButton.m in Sources */ = {isa = PBXBuildFile; fileRef = B88106FB24907C5500CD4448 /* RecordButton.m */; };
		B881071424907C5500CD4448 /* HorizontalListView.m in Sources */ = {isa = PBXBuildFile; fileRef = B88106FC24907C5500CD4448 /* HorizontalListView.m */; };
		B881071524907C5500CD4448 /* PhotoCaptureConfirmView.m in Sources */ = {isa = PBXBuildFile; fileRef = B88106FD24907C5500CD4448 /* PhotoCaptureConfirmView.m */; };
		B881071624907C5500CD4448 /* ParametersAdjustView.m in Sources */ = {isa = PBXBuildFile; fileRef = B88106FE24907C5500CD4448 /* ParametersAdjustView.m */; };
		B881071724907C5500CD4448 /* HorizontalListItemView.m in Sources */ = {isa = PBXBuildFile; fileRef = B881070124907C5500CD4448 /* HorizontalListItemView.m */; };
		B881071824907C5500CD4448 /* CustomSlider.m in Sources */ = {isa = PBXBuildFile; fileRef = B881070224907C5500CD4448 /* CustomSlider.m */; };
		B881071924907C5500CD4448 /* CameraNormalFilterListView.m in Sources */ = {isa = PBXBuildFile; fileRef = B881070824907C5500CD4448 /* CameraNormalFilterListView.m */; };
		B881071A24907C5500CD4448 /* CameraFilterPanelView.m in Sources */ = {isa = PBXBuildFile; fileRef = B881070B24907C5500CD4448 /* CameraFilterPanelView.m */; };
		B881071B24907C5500CD4448 /* CameraComicsFilterListView.m in Sources */ = {isa = PBXBuildFile; fileRef = B881070C24907C5500CD4448 /* CameraComicsFilterListView.m */; };
		B881071C24907C5500CD4448 /* UIImage+Demo.m in Sources */ = {isa = PBXBuildFile; fileRef = B881070E24907C5500CD4448 /* UIImage+Demo.m */; };
		B881071F2490811B00CD4448 /* CameraControlMaskView.m in Sources */ = {isa = PBXBuildFile; fileRef = B881071E2490811B00CD4448 /* CameraControlMaskView.m */; };
		B881072624908D8300CD4448 /* CameraMoreMenuView.m in Sources */ = {isa = PBXBuildFile; fileRef = B881072524908D8300CD4448 /* CameraMoreMenuView.m */; };
		B881072924908DC200CD4448 /* VerticalMenuView.m in Sources */ = {isa = PBXBuildFile; fileRef = B881072824908DC200CD4448 /* VerticalMenuView.m */; };
		B882C3DE25E8D49E00CAB51A /* TuLaunchScreen.storyboard in Resources */ = {isa = PBXBuildFile; fileRef = B882C3DD25E8D49E00CAB51A /* TuLaunchScreen.storyboard */; };
		B882C3E025E8D53100CAB51A /* home.jpg in Resources */ = {isa = PBXBuildFile; fileRef = B882C3DF25E8D53100CAB51A /* home.jpg */; };
		B8A4371525EB741C0015A5E9 /* TuBubbleView.m in Sources */ = {isa = PBXBuildFile; fileRef = B8A4371425EB741C0015A5E9 /* TuBubbleView.m */; };
		B8A4371825EB745B0015A5E9 /* TUPFPBubbleTextFilter_Info.m in Sources */ = {isa = PBXBuildFile; fileRef = B8A4371725EB745B0015A5E9 /* TUPFPBubbleTextFilter_Info.m */; };
		D723EC6B2332241400C500A1 /* WebKit.framework in Frameworks */ = {isa = PBXBuildFile; fileRef = D723EC6823320EA800C500A1 /* WebKit.framework */; };
		D752E7C923138E88001C0B8A /* libresolv.9.tbd in Frameworks */ = {isa = PBXBuildFile; fileRef = D752E7C823138E88001C0B8A /* libresolv.9.tbd */; };
		D76BF0E1226F171F00813E99 /* EditPaintDrawComponentSample.m in Sources */ = {isa = PBXBuildFile; fileRef = D76BF0E0226F171F00813E99 /* EditPaintDrawComponentSample.m */; };
		DC86AC941C911E6000891041 /* InfoPlist.strings in Resources */ = {isa = PBXBuildFile; fileRef = DC86AC921C911E6000891041 /* InfoPlist.strings */; };
		F816B9F71EE8F0EC0058EE8B /* homepage_bg@2x.png in Resources */ = {isa = PBXBuildFile; fileRef = F816B9EB1EE8F0EC0058EE8B /* homepage_bg@2x.png */; };
		F816B9F81EE8F0EC0058EE8B /* homepage_bg@3x.png in Resources */ = {isa = PBXBuildFile; fileRef = F816B9EC1EE8F0EC0058EE8B /* homepage_bg@3x.png */; };
		F816B9F91EE8F0EC0058EE8B /* homepage_button_normal@2x.png in Resources */ = {isa = PBXBuildFile; fileRef = F816B9ED1EE8F0EC0058EE8B /* homepage_button_normal@2x.png */; };
		F816B9FA1EE8F0EC0058EE8B /* homepage_button_normal@3x.png in Resources */ = {isa = PBXBuildFile; fileRef = F816B9EE1EE8F0EC0058EE8B /* homepage_button_normal@3x.png */; };
		F816B9FB1EE8F0EC0058EE8B /* homepage_icon_beauty@2x.png in Resources */ = {isa = PBXBuildFile; fileRef = F816B9EF1EE8F0EC0058EE8B /* homepage_icon_beauty@2x.png */; };
		F816B9FC1EE8F0EC0058EE8B /* homepage_icon_beauty@3x.png in Resources */ = {isa = PBXBuildFile; fileRef = F816B9F01EE8F0EC0058EE8B /* homepage_icon_beauty@3x.png */; };
		F816B9FD1EE8F0EC0058EE8B /* homepage_icon_camera@2x.png in Resources */ = {isa = PBXBuildFile; fileRef = F816B9F11EE8F0EC0058EE8B /* homepage_icon_camera@2x.png */; };
		F816B9FE1EE8F0EC0058EE8B /* homepage_icon_camera@3x.png in Resources */ = {isa = PBXBuildFile; fileRef = F816B9F21EE8F0EC0058EE8B /* homepage_icon_camera@3x.png */; };
		F816B9FF1EE8F0EC0058EE8B /* homepage_icon_next@2x.png in Resources */ = {isa = PBXBuildFile; fileRef = F816B9F31EE8F0EC0058EE8B /* homepage_icon_next@2x.png */; };
		F816BA001EE8F0EC0058EE8B /* homepage_icon_next@3x.png in Resources */ = {isa = PBXBuildFile; fileRef = F816B9F41EE8F0EC0058EE8B /* homepage_icon_next@3x.png */; };
		F816BA011EE8F0EC0058EE8B /* homepage_icon_tools@2x.png in Resources */ = {isa = PBXBuildFile; fileRef = F816B9F51EE8F0EC0058EE8B /* homepage_icon_tools@2x.png */; };
		F816BA021EE8F0EC0058EE8B /* homepage_icon_tools@3x.png in Resources */ = {isa = PBXBuildFile; fileRef = F816B9F61EE8F0EC0058EE8B /* homepage_icon_tools@3x.png */; };
		F8369B061C426A1B009A2936 /* sample_gif_editor.gif in Resources */ = {isa = PBXBuildFile; fileRef = F8369B051C426A1B009A2936 /* sample_gif_editor.gif */; };
		F836C3FC1EFB669000F82ABD /* Bugly.framework in Frameworks */ = {isa = PBXBuildFile; fileRef = F836C3FB1EFB669000F82ABD /* Bugly.framework */; };
		F836C3FE1EFB66A100F82ABD /* libz.1.2.5.tbd in Frameworks */ = {isa = PBXBuildFile; fileRef = F836C3FD1EFB66A100F82ABD /* libz.1.2.5.tbd */; };
		F836C4001EFB66A800F82ABD /* Security.framework in Frameworks */ = {isa = PBXBuildFile; fileRef = F836C3FF1EFB66A800F82ABD /* Security.framework */; };
		F836C4021EFB66B400F82ABD /* SystemConfiguration.framework in Frameworks */ = {isa = PBXBuildFile; fileRef = F836C4011EFB66B400F82ABD /* SystemConfiguration.framework */; };
		F860CB6625DFB6AA007B26B9 /* BubbleSampleController.mm in Sources */ = {isa = PBXBuildFile; fileRef = F860CB6525DFB6AA007B26B9 /* BubbleSampleController.mm */; };
		F8E4855F1FB44C6100027176 /* iphonex_homepage_bg@3x.png in Resources */ = {isa = PBXBuildFile; fileRef = F8E4855E1FB44C6000027176 /* iphonex_homepage_bg@3x.png */; };
/* End PBXBuildFile section */

/* Begin PBXCopyFilesBuildPhase section */
		62703D911B9C03F9000C3614 /* Embed Frameworks */ = {
			isa = PBXCopyFilesBuildPhase;
			buildActionMask = 2147483647;
			dstPath = "";
			dstSubfolderSpec = 10;
			files = (
				A6ABEEB226B24D2000394B41 /* TuSDKPulseFilter.framework in Embed Frameworks */,
				A6ABEEAE26B24D2000394B41 /* TuSDKPulse.framework in Embed Frameworks */,
				A6ABEEB026B24D2000394B41 /* TuSDKPulseCore.framework in Embed Frameworks */,
				A6ABEEB426B24D2100394B41 /* TuViews.framework in Embed Frameworks */,
				A6ABEEA026B24C1B00394B41 /* TuSDKGeeV1.framework in Embed Frameworks */,
				A6ABEEAC26B24D2000394B41 /* TuCamera.framework in Embed Frameworks */,
				A6ABEEA226B24C1C00394B41 /* TuSDKGeeV2.framework in Embed Frameworks */,
			);
			name = "Embed Frameworks";
			runOnlyForDeploymentPostprocessing = 0;
		};
/* End PBXCopyFilesBuildPhase section */

/* Begin PBXFileReference section */
		02D1AB651CEF2A0A00C8497D /* sample_photo.jpg */ = {isa = PBXFileReference; lastKnownFileType = image.jpeg; path = sample_photo.jpg; sourceTree = "<group>"; };
		02D1AB6D1CF17C9A00C8497D /* sample_watermark.png */ = {isa = PBXFileReference; lastKnownFileType = image.png; path = sample_watermark.png; sourceTree = "<group>"; };
		2A6EF76C26A568F700603711 /* JigsawSampleController.h */ = {isa = PBXFileReference; lastKnownFileType = sourcecode.c.h; path = JigsawSampleController.h; sourceTree = "<group>"; };
		2A6EF76D26A568F700603711 /* JigsawSampleController.m */ = {isa = PBXFileReference; lastKnownFileType = sourcecode.c.objc; path = JigsawSampleController.m; sourceTree = "<group>"; };
		2A6EF77C26A7CC7200603711 /* JigsawLayerView.h */ = {isa = PBXFileReference; lastKnownFileType = sourcecode.c.h; path = JigsawLayerView.h; sourceTree = "<group>"; };
		2A6EF77D26A7CC7200603711 /* JigsawLayerView.m */ = {isa = PBXFileReference; lastKnownFileType = sourcecode.c.objc; path = JigsawLayerView.m; sourceTree = "<group>"; };
		2A6EF77F26A7FC0100603711 /* JigsawLayerItemView.h */ = {isa = PBXFileReference; lastKnownFileType = sourcecode.c.h; path = JigsawLayerItemView.h; sourceTree = "<group>"; };
		2A6EF78026A7FC0100603711 /* JigsawLayerItemView.m */ = {isa = PBXFileReference; lastKnownFileType = sourcecode.c.objc; path = JigsawLayerItemView.m; sourceTree = "<group>"; };
		2A6EF78226A910B300603711 /* jigsaw_ex3.zip */ = {isa = PBXFileReference; lastKnownFileType = archive.zip; path = jigsaw_ex3.zip; sourceTree = "<group>"; };
		2A6EF78326A910B400603711 /* jigsaw_ex2.zip */ = {isa = PBXFileReference; lastKnownFileType = archive.zip; path = jigsaw_ex2.zip; sourceTree = "<group>"; };
		2A6EF78426A910B400603711 /* jigsaw_ex.zip */ = {isa = PBXFileReference; lastKnownFileType = archive.zip; path = jigsaw_ex.zip; sourceTree = "<group>"; };
		2AA75CE5262D8E6C005469C8 /* TuSDKPulseCore.framework */ = {isa = PBXFileReference; explicitFileType = wrapper.framework; path = TuSDKPulseCore.framework; sourceTree = BUILT_PRODUCTS_DIR; };
		2AC4101A2614589C00148F8F /* FCFileManager.h */ = {isa = PBXFileReference; fileEncoding = 4; lastKnownFileType = sourcecode.c.h; path = FCFileManager.h; sourceTree = "<group>"; };
		2AC4101B2614589D00148F8F /* FCFileManager.m */ = {isa = PBXFileReference; fileEncoding = 4; lastKnownFileType = sourcecode.c.objc; path = FCFileManager.m; sourceTree = "<group>"; };
		2AC4101D2614673000148F8F /* JMBubbleFilter.h */ = {isa = PBXFileReference; lastKnownFileType = sourcecode.c.h; path = JMBubbleFilter.h; sourceTree = "<group>"; };
		2AC4101E2614673000148F8F /* JMBubbleFilter.m */ = {isa = PBXFileReference; lastKnownFileType = sourcecode.c.objc; path = JMBubbleFilter.m; sourceTree = "<group>"; };
		2AC410202614808700148F8F /* TuCommon.h */ = {isa = PBXFileReference; lastKnownFileType = sourcecode.c.h; path = TuCommon.h; sourceTree = "<group>"; };
		2AC410212614808700148F8F /* TuCommon.m */ = {isa = PBXFileReference; lastKnownFileType = sourcecode.c.objc; path = TuCommon.m; sourceTree = "<group>"; };
		33A65C9D1D864B0000107DC7 /* Accelerate.framework */ = {isa = PBXFileReference; lastKnownFileType = wrapper.framework; name = Accelerate.framework; path = System/Library/Frameworks/Accelerate.framework; sourceTree = SDKROOT; };
		427053901DB9B0CD00C62CCC /* DemoComponentListController.h */ = {isa = PBXFileReference; fileEncoding = 4; lastKnownFileType = sourcecode.c.h; name = DemoComponentListController.h; path = Source/DemoComponentListController.h; sourceTree = "<group>"; };
		427053911DB9B0CD00C62CCC /* DemoComponentListController.m */ = {isa = PBXFileReference; fileEncoding = 4; lastKnownFileType = sourcecode.c.objc; name = DemoComponentListController.m; path = Source/DemoComponentListController.m; sourceTree = "<group>"; };
		427053921DB9B0CD00C62CCC /* DemoRootView.h */ = {isa = PBXFileReference; fileEncoding = 4; lastKnownFileType = sourcecode.c.h; name = DemoRootView.h; path = Source/DemoRootView.h; sourceTree = "<group>"; };
		427053931DB9B0CD00C62CCC /* DemoRootView.m */ = {isa = PBXFileReference; fileEncoding = 4; lastKnownFileType = sourcecode.c.objc; name = DemoRootView.m; path = Source/DemoRootView.m; sourceTree = "<group>"; };
		427053941DB9B0CD00C62CCC /* DemoRootViewController.h */ = {isa = PBXFileReference; fileEncoding = 4; lastKnownFileType = sourcecode.c.h; name = DemoRootViewController.h; path = Source/DemoRootViewController.h; sourceTree = "<group>"; };
		427053951DB9B0CD00C62CCC /* DemoRootViewController.m */ = {isa = PBXFileReference; fileEncoding = 4; lastKnownFileType = sourcecode.c.objc; name = DemoRootViewController.m; path = Source/DemoRootViewController.m; sourceTree = "<group>"; };
		427053961DB9B0CD00C62CCC /* SampleBase.h */ = {isa = PBXFileReference; fileEncoding = 4; lastKnownFileType = sourcecode.c.h; name = SampleBase.h; path = Source/SampleBase.h; sourceTree = "<group>"; };
		427053971DB9B0CD00C62CCC /* SampleBase.m */ = {isa = PBXFileReference; fileEncoding = 4; lastKnownFileType = sourcecode.c.objc; name = SampleBase.m; path = Source/SampleBase.m; sourceTree = "<group>"; };
		427E6B8E1D8F979400DE7BF8 /* AlbumComponentSample.h */ = {isa = PBXFileReference; fileEncoding = 4; lastKnownFileType = sourcecode.c.h; path = AlbumComponentSample.h; sourceTree = "<group>"; };
		427E6B8F1D8F979400DE7BF8 /* AlbumComponentSample.m */ = {isa = PBXFileReference; fileEncoding = 4; lastKnownFileType = sourcecode.c.objc; path = AlbumComponentSample.m; sourceTree = "<group>"; };
		427E6B901D8F979400DE7BF8 /* AlbumMultipleComponentSample.h */ = {isa = PBXFileReference; fileEncoding = 4; lastKnownFileType = sourcecode.c.h; path = AlbumMultipleComponentSample.h; sourceTree = "<group>"; };
		427E6B911D8F979400DE7BF8 /* AlbumMultipleComponentSample.m */ = {isa = PBXFileReference; fileEncoding = 4; lastKnownFileType = sourcecode.c.objc; path = AlbumMultipleComponentSample.m; sourceTree = "<group>"; };
		427E6B951D8F979400DE7BF8 /* CustomizedCameraComponent.h */ = {isa = PBXFileReference; fileEncoding = 4; lastKnownFileType = sourcecode.c.h; path = CustomizedCameraComponent.h; sourceTree = "<group>"; };
		427E6B961D8F979400DE7BF8 /* CustomizedCameraComponent.m */ = {isa = PBXFileReference; fileEncoding = 4; lastKnownFileType = sourcecode.c.objc; path = CustomizedCameraComponent.m; sourceTree = "<group>"; };
		427E6B971D8F979400DE7BF8 /* CustomizedEditAndCutComponent.h */ = {isa = PBXFileReference; fileEncoding = 4; lastKnownFileType = sourcecode.c.h; path = CustomizedEditAndCutComponent.h; sourceTree = "<group>"; };
		427E6B981D8F979400DE7BF8 /* CustomizedEditAndCutComponent.m */ = {isa = PBXFileReference; fileEncoding = 4; lastKnownFileType = sourcecode.c.objc; path = CustomizedEditAndCutComponent.m; sourceTree = "<group>"; };
		427E6BA91D8F979400DE7BF8 /* CameraAndEditorSample.h */ = {isa = PBXFileReference; fileEncoding = 4; lastKnownFileType = sourcecode.c.h; path = CameraAndEditorSample.h; sourceTree = "<group>"; };
		427E6BAA1D8F979400DE7BF8 /* CameraAndEditorSample.m */ = {isa = PBXFileReference; fileEncoding = 4; lastKnownFileType = sourcecode.c.objc; path = CameraAndEditorSample.m; sourceTree = "<group>"; };
		427E6BAB1D8F979400DE7BF8 /* EditFilterSampleController.h */ = {isa = PBXFileReference; fileEncoding = 4; lastKnownFileType = sourcecode.c.h; path = EditFilterSampleController.h; sourceTree = "<group>"; };
		427E6BAC1D8F979400DE7BF8 /* EditFilterSampleController.m */ = {isa = PBXFileReference; fileEncoding = 4; lastKnownFileType = sourcecode.c.objc; path = EditFilterSampleController.m; sourceTree = "<group>"; };
		427E6BAD1D8F979400DE7BF8 /* SelfishCameraSample.h */ = {isa = PBXFileReference; fileEncoding = 4; lastKnownFileType = sourcecode.c.h; path = SelfishCameraSample.h; sourceTree = "<group>"; };
		427E6BAE1D8F979400DE7BF8 /* SelfishCameraSample.m */ = {isa = PBXFileReference; fileEncoding = 4; lastKnownFileType = sourcecode.c.objc; path = SelfishCameraSample.m; sourceTree = "<group>"; };
		427E6BAF1D8F979400DE7BF8 /* StickerSampleController.h */ = {isa = PBXFileReference; fileEncoding = 4; lastKnownFileType = sourcecode.c.h; path = StickerSampleController.h; sourceTree = "<group>"; };
		427E6BB01D8F979400DE7BF8 /* StickerSampleController.m */ = {isa = PBXFileReference; fileEncoding = 4; lastKnownFileType = sourcecode.c.objc; path = StickerSampleController.m; sourceTree = "<group>"; };
		427E6BB11D8F979400DE7BF8 /* WipeAndFilterSampleController.h */ = {isa = PBXFileReference; fileEncoding = 4; lastKnownFileType = sourcecode.c.h; path = WipeAndFilterSampleController.h; sourceTree = "<group>"; };
		427E6BB21D8F979400DE7BF8 /* WipeAndFilterSampleController.m */ = {isa = PBXFileReference; fileEncoding = 4; lastKnownFileType = sourcecode.c.objc; path = WipeAndFilterSampleController.m; sourceTree = "<group>"; };
		427E6BB81D8F979400DE7BF8 /* EditAdvancedComponentSample.h */ = {isa = PBXFileReference; fileEncoding = 4; lastKnownFileType = sourcecode.c.h; path = EditAdvancedComponentSample.h; sourceTree = "<group>"; };
		427E6BB91D8F979400DE7BF8 /* EditAdvancedComponentSample.m */ = {isa = PBXFileReference; fileEncoding = 4; lastKnownFileType = sourcecode.c.objc; path = EditAdvancedComponentSample.m; sourceTree = "<group>"; };
		427E6BBA1D8F979400DE7BF8 /* EditAndCutComponentSample.h */ = {isa = PBXFileReference; fileEncoding = 4; lastKnownFileType = sourcecode.c.h; path = EditAndCutComponentSample.h; sourceTree = "<group>"; };
		427E6BBB1D8F979400DE7BF8 /* EditAndCutComponentSample.m */ = {isa = PBXFileReference; fileEncoding = 4; lastKnownFileType = sourcecode.c.objc; path = EditAndCutComponentSample.m; sourceTree = "<group>"; };
		427E6BBC1D8F979400DE7BF8 /* EditAvatarComponentSample.h */ = {isa = PBXFileReference; fileEncoding = 4; lastKnownFileType = sourcecode.c.h; path = EditAvatarComponentSample.h; sourceTree = "<group>"; };
		427E6BBD1D8F979400DE7BF8 /* EditAvatarComponentSample.m */ = {isa = PBXFileReference; fileEncoding = 4; lastKnownFileType = sourcecode.c.objc; path = EditAvatarComponentSample.m; sourceTree = "<group>"; };
		42BACA7E1D8FB472002B849C /* CameraComponentSample.h */ = {isa = PBXFileReference; fileEncoding = 4; lastKnownFileType = sourcecode.c.h; path = CameraComponentSample.h; sourceTree = "<group>"; };
		42BACA7F1D8FB472002B849C /* CameraComponentSample.m */ = {isa = PBXFileReference; fileEncoding = 4; lastKnownFileType = sourcecode.c.objc; path = CameraComponentSample.m; sourceTree = "<group>"; };
		42BACA801D8FB472002B849C /* EditMultipleComponentSample.h */ = {isa = PBXFileReference; fileEncoding = 4; lastKnownFileType = sourcecode.c.h; path = EditMultipleComponentSample.h; sourceTree = "<group>"; };
		42BACA811D8FB472002B849C /* EditMultipleComponentSample.m */ = {isa = PBXFileReference; fileEncoding = 4; lastKnownFileType = sourcecode.c.objc; path = EditMultipleComponentSample.m; sourceTree = "<group>"; };
		42BACA8B1D8FBBB5002B849C /* GeeV2Sample.h */ = {isa = PBXFileReference; fileEncoding = 4; lastKnownFileType = sourcecode.c.h; path = GeeV2Sample.h; sourceTree = "<group>"; };
		42BACA8C1D8FBBB5002B849C /* GeeV2Sample.m */ = {isa = PBXFileReference; fileEncoding = 4; lastKnownFileType = sourcecode.c.objc; path = GeeV2Sample.m; sourceTree = "<group>"; };
		5A354DBF234155F68C7EFEA2 /* Pods-TuSDKDemo.debug.xcconfig */ = {isa = PBXFileReference; includeInIndex = 1; lastKnownFileType = text.xcconfig; name = "Pods-TuSDKDemo.debug.xcconfig"; path = "Target Support Files/Pods-TuSDKDemo/Pods-TuSDKDemo.debug.xcconfig"; sourceTree = "<group>"; };
		5BD4A8DCD0065629258033C0 /* Pods-TuSDKDemo.release.xcconfig */ = {isa = PBXFileReference; includeInIndex = 1; lastKnownFileType = text.xcconfig; name = "Pods-TuSDKDemo.release.xcconfig"; path = "Target Support Files/Pods-TuSDKDemo/Pods-TuSDKDemo.release.xcconfig"; sourceTree = "<group>"; };
		62165F101BCCC22C00AD6279 /* Photos.framework */ = {isa = PBXFileReference; lastKnownFileType = wrapper.framework; name = Photos.framework; path = System/Library/Frameworks/Photos.framework; sourceTree = SDKROOT; };
		62235E7919FE41FA00F05DA6 /* TuSDKDemo.app */ = {isa = PBXFileReference; explicitFileType = wrapper.application; includeInIndex = 0; path = TuSDKDemo.app; sourceTree = BUILT_PRODUCTS_DIR; };
		62235E7D19FE41FA00F05DA6 /* Info.plist */ = {isa = PBXFileReference; lastKnownFileType = text.plist.xml; path = Info.plist; sourceTree = "<group>"; };
		62235E7E19FE41FA00F05DA6 /* main.m */ = {isa = PBXFileReference; lastKnownFileType = sourcecode.c.objc; path = main.m; sourceTree = "<group>"; };
		62235E8019FE41FA00F05DA6 /* AppDelegate.h */ = {isa = PBXFileReference; lastKnownFileType = sourcecode.c.h; path = AppDelegate.h; sourceTree = "<group>"; };
		62235E8119FE41FA00F05DA6 /* AppDelegate.m */ = {isa = PBXFileReference; lastKnownFileType = sourcecode.c.objc; path = AppDelegate.m; sourceTree = "<group>"; };
		62235EBE19FF30B200F05DA6 /* TuSDKDemo-Prefix.pch */ = {isa = PBXFileReference; lastKnownFileType = sourcecode.c.h; path = "TuSDKDemo-Prefix.pch"; sourceTree = "<group>"; };
		62235EEE19FF6B7300F05DA6 /* Images.xcassets */ = {isa = PBXFileReference; lastKnownFileType = folder.assetcatalog; name = Images.xcassets; path = Resources/Images.xcassets; sourceTree = "<group>"; };
		62235EF119FF6C8100F05DA6 /* Base */ = {isa = PBXFileReference; lastKnownFileType = text.plist.strings; name = Base; path = Base.lproj/TuSDK.strings; sourceTree = "<group>"; };
		625540C01A5650E200614A61 /* TuSDKPulse.bundle */ = {isa = PBXFileReference; lastKnownFileType = "wrapper.plug-in"; name = TuSDKPulse.bundle; path = Resources/TuSDKPulse.bundle; sourceTree = "<group>"; };
		626F59EE248E2DF600CFCA7D /* DefineCAEAGLView.h */ = {isa = PBXFileReference; lastKnownFileType = sourcecode.c.h; path = DefineCAEAGLView.h; sourceTree = "<group>"; };
		626F59EF248E2DF600CFCA7D /* DefineCAEAGLView.m */ = {isa = PBXFileReference; lastKnownFileType = sourcecode.c.objc; path = DefineCAEAGLView.m; sourceTree = "<group>"; };
		628DEDF41AEA0D5F006CC06C /* Base */ = {isa = PBXFileReference; lastKnownFileType = text.plist.strings; name = Base; path = Base.lproj/Localizable.strings; sourceTree = "<group>"; };
		62BD58F01AEA025A00D61FC1 /* TuSDKFramework.h */ = {isa = PBXFileReference; fileEncoding = 4; lastKnownFileType = sourcecode.c.h; path = TuSDKFramework.h; sourceTree = "<group>"; };
		7C75275C25AD76580031CC10 /* TuSDKPulse.framework */ = {isa = PBXFileReference; explicitFileType = wrapper.framework; path = TuSDKPulse.framework; sourceTree = BUILT_PRODUCTS_DIR; };
		7C75275E25AD76620031CC10 /* TuSDKPulseFilter.framework */ = {isa = PBXFileReference; explicitFileType = wrapper.framework; path = TuSDKPulseFilter.framework; sourceTree = BUILT_PRODUCTS_DIR; };
		7C75276225AD7C2D0031CC10 /* TuSDKPulse.framework */ = {isa = PBXFileReference; explicitFileType = wrapper.framework; path = TuSDKPulse.framework; sourceTree = BUILT_PRODUCTS_DIR; };
		7C75276425AD7C330031CC10 /* TuSDKPulseFilter.framework */ = {isa = PBXFileReference; explicitFileType = wrapper.framework; path = TuSDKPulseFilter.framework; sourceTree = BUILT_PRODUCTS_DIR; };
		7C846F4425EF34C5006D6114 /* TuViews.framework */ = {isa = PBXFileReference; explicitFileType = wrapper.framework; path = TuViews.framework; sourceTree = BUILT_PRODUCTS_DIR; };
		7C846F6925EF5F1A006D6114 /* TuCamera.framework */ = {isa = PBXFileReference; explicitFileType = wrapper.framework; path = TuCamera.framework; sourceTree = BUILT_PRODUCTS_DIR; };
		7C8ECA8A25CA877300A7BF0B /* libTuSDKGeeV1.a */ = {isa = PBXFileReference; explicitFileType = archive.ar; path = libTuSDKGeeV1.a; sourceTree = BUILT_PRODUCTS_DIR; };
		7C8ECA8C25CA877700A7BF0B /* libTuSDKGeeV2.a */ = {isa = PBXFileReference; explicitFileType = archive.ar; path = libTuSDKGeeV2.a; sourceTree = BUILT_PRODUCTS_DIR; };
		A60D17C826170C6400F736A9 /* 快乐水.png */ = {isa = PBXFileReference; lastKnownFileType = image.png; name = "快乐水.png"; path = "Resources/Images/快乐水.png"; sourceTree = "<group>"; };
		A60D17C926170C6400F736A9 /* 带劲.png */ = {isa = PBXFileReference; lastKnownFileType = image.png; name = "带劲.png"; path = "Resources/Images/带劲.png"; sourceTree = "<group>"; };
		A60D17CA26170C6400F736A9 /* message.png */ = {isa = PBXFileReference; lastKnownFileType = image.png; name = message.png; path = Resources/Images/message.png; sourceTree = "<group>"; };
		A6ABEE9126B2481000394B41 /* TuViews.framework */ = {isa = PBXFileReference; lastKnownFileType = wrapper.framework; path = TuViews.framework; sourceTree = "<group>"; };
		A6ABEE9226B2481000394B41 /* TuCamera.framework */ = {isa = PBXFileReference; lastKnownFileType = wrapper.framework; path = TuCamera.framework; sourceTree = "<group>"; };
		A6ABEE9326B2481000394B41 /* TuSDKPulseFilter.framework */ = {isa = PBXFileReference; lastKnownFileType = wrapper.framework; path = TuSDKPulseFilter.framework; sourceTree = "<group>"; };
		A6ABEE9426B2481000394B41 /* TuSDKGeeV1.framework */ = {isa = PBXFileReference; lastKnownFileType = wrapper.framework; path = TuSDKGeeV1.framework; sourceTree = "<group>"; };
		A6ABEE9526B2481000394B41 /* TuSDKGeeV2.framework */ = {isa = PBXFileReference; lastKnownFileType = wrapper.framework; path = TuSDKGeeV2.framework; sourceTree = "<group>"; };
		A6ABEE9626B2481000394B41 /* TuSDKPulse.framework */ = {isa = PBXFileReference; lastKnownFileType = wrapper.framework; path = TuSDKPulse.framework; sourceTree = "<group>"; };
		A6ABEE9726B2481000394B41 /* TuSDKPulseCore.framework */ = {isa = PBXFileReference; lastKnownFileType = wrapper.framework; path = TuSDKPulseCore.framework; sourceTree = "<group>"; };
		A6ABEEB526B24E8B00394B41 /* AVFoundation.framework */ = {isa = PBXFileReference; lastKnownFileType = wrapper.framework; name = AVFoundation.framework; path = System/Library/Frameworks/AVFoundation.framework; sourceTree = SDKROOT; };
		B88106EA24907C3500CD4448 /* CustomizedNewCameraComponent.m */ = {isa = PBXFileReference; fileEncoding = 4; lastKnownFileType = sourcecode.c.objc; path = CustomizedNewCameraComponent.m; sourceTree = "<group>"; };
		B88106EB24907C3500CD4448 /* CustomizedNewCameraComponent.h */ = {isa = PBXFileReference; fileEncoding = 4; lastKnownFileType = sourcecode.c.h; path = CustomizedNewCameraComponent.h; sourceTree = "<group>"; };
		B88106EF24907C5500CD4448 /* Constants.h */ = {isa = PBXFileReference; fileEncoding = 4; lastKnownFileType = sourcecode.c.h; path = Constants.h; sourceTree = "<group>"; };
		B88106F124907C5500CD4448 /* RecordButton.h */ = {isa = PBXFileReference; fileEncoding = 4; lastKnownFileType = sourcecode.c.h; path = RecordButton.h; sourceTree = "<group>"; };
		B88106F224907C5500CD4448 /* ViewSlider.m */ = {isa = PBXFileReference; fileEncoding = 4; lastKnownFileType = sourcecode.c.objc; path = ViewSlider.m; sourceTree = "<group>"; };
		B88106F324907C5500CD4448 /* ParametersAdjustView.h */ = {isa = PBXFileReference; fileEncoding = 4; lastKnownFileType = sourcecode.c.h; path = ParametersAdjustView.h; sourceTree = "<group>"; };
		B88106F424907C5500CD4448 /* PageTabbar.m */ = {isa = PBXFileReference; fileEncoding = 4; lastKnownFileType = sourcecode.c.objc; path = PageTabbar.m; sourceTree = "<group>"; };
		B88106F524907C5500CD4448 /* PhotoCaptureConfirmView.h */ = {isa = PBXFileReference; fileEncoding = 4; lastKnownFileType = sourcecode.c.h; path = PhotoCaptureConfirmView.h; sourceTree = "<group>"; };
		B88106F624907C5500CD4448 /* HorizontalListView.h */ = {isa = PBXFileReference; fileEncoding = 4; lastKnownFileType = sourcecode.c.h; path = HorizontalListView.h; sourceTree = "<group>"; };
		B88106F724907C5500CD4448 /* DemoAppearance.m */ = {isa = PBXFileReference; fileEncoding = 4; lastKnownFileType = sourcecode.c.objc; path = DemoAppearance.m; sourceTree = "<group>"; };
		B88106F824907C5500CD4448 /* CustomSlider.h */ = {isa = PBXFileReference; fileEncoding = 4; lastKnownFileType = sourcecode.c.h; path = CustomSlider.h; sourceTree = "<group>"; };
		B88106F924907C5500CD4448 /* HorizontalListItemView.h */ = {isa = PBXFileReference; fileEncoding = 4; lastKnownFileType = sourcecode.c.h; path = HorizontalListItemView.h; sourceTree = "<group>"; };
		B88106FA24907C5500CD4448 /* ViewSlider.h */ = {isa = PBXFileReference; fileEncoding = 4; lastKnownFileType = sourcecode.c.h; path = ViewSlider.h; sourceTree = "<group>"; };
		B88106FB24907C5500CD4448 /* RecordButton.m */ = {isa = PBXFileReference; fileEncoding = 4; lastKnownFileType = sourcecode.c.objc; path = RecordButton.m; sourceTree = "<group>"; };
		B88106FC24907C5500CD4448 /* HorizontalListView.m */ = {isa = PBXFileReference; fileEncoding = 4; lastKnownFileType = sourcecode.c.objc; path = HorizontalListView.m; sourceTree = "<group>"; };
		B88106FD24907C5500CD4448 /* PhotoCaptureConfirmView.m */ = {isa = PBXFileReference; fileEncoding = 4; lastKnownFileType = sourcecode.c.objc; path = PhotoCaptureConfirmView.m; sourceTree = "<group>"; };
		B88106FE24907C5500CD4448 /* ParametersAdjustView.m */ = {isa = PBXFileReference; fileEncoding = 4; lastKnownFileType = sourcecode.c.objc; path = ParametersAdjustView.m; sourceTree = "<group>"; };
		B88106FF24907C5500CD4448 /* PageTabbar.h */ = {isa = PBXFileReference; fileEncoding = 4; lastKnownFileType = sourcecode.c.h; path = PageTabbar.h; sourceTree = "<group>"; };
		B881070024907C5500CD4448 /* DemoAppearance.h */ = {isa = PBXFileReference; fileEncoding = 4; lastKnownFileType = sourcecode.c.h; path = DemoAppearance.h; sourceTree = "<group>"; };
		B881070124907C5500CD4448 /* HorizontalListItemView.m */ = {isa = PBXFileReference; fileEncoding = 4; lastKnownFileType = sourcecode.c.objc; path = HorizontalListItemView.m; sourceTree = "<group>"; };
		B881070224907C5500CD4448 /* CustomSlider.m */ = {isa = PBXFileReference; fileEncoding = 4; lastKnownFileType = sourcecode.c.objc; path = CustomSlider.m; sourceTree = "<group>"; };
		B881070424907C5500CD4448 /* CameraFilterPanelProtocol.h */ = {isa = PBXFileReference; fileEncoding = 4; lastKnownFileType = sourcecode.c.h; path = CameraFilterPanelProtocol.h; sourceTree = "<group>"; };
		B881070524907C5500CD4448 /* OverlayViewProtocol.h */ = {isa = PBXFileReference; fileEncoding = 4; lastKnownFileType = sourcecode.c.h; path = OverlayViewProtocol.h; sourceTree = "<group>"; };
		B881070724907C5500CD4448 /* CameraFilterPanelView.h */ = {isa = PBXFileReference; fileEncoding = 4; lastKnownFileType = sourcecode.c.h; path = CameraFilterPanelView.h; sourceTree = "<group>"; };
		B881070824907C5500CD4448 /* CameraNormalFilterListView.m */ = {isa = PBXFileReference; fileEncoding = 4; lastKnownFileType = sourcecode.c.objc; path = CameraNormalFilterListView.m; sourceTree = "<group>"; };
		B881070924907C5500CD4448 /* CameraComicsFilterListView.h */ = {isa = PBXFileReference; fileEncoding = 4; lastKnownFileType = sourcecode.c.h; path = CameraComicsFilterListView.h; sourceTree = "<group>"; };
		B881070A24907C5500CD4448 /* CameraNormalFilterListView.h */ = {isa = PBXFileReference; fileEncoding = 4; lastKnownFileType = sourcecode.c.h; path = CameraNormalFilterListView.h; sourceTree = "<group>"; };
		B881070B24907C5500CD4448 /* CameraFilterPanelView.m */ = {isa = PBXFileReference; fileEncoding = 4; lastKnownFileType = sourcecode.c.objc; path = CameraFilterPanelView.m; sourceTree = "<group>"; };
		B881070C24907C5500CD4448 /* CameraComicsFilterListView.m */ = {isa = PBXFileReference; fileEncoding = 4; lastKnownFileType = sourcecode.c.objc; path = CameraComicsFilterListView.m; sourceTree = "<group>"; };
		B881070E24907C5500CD4448 /* UIImage+Demo.m */ = {isa = PBXFileReference; fileEncoding = 4; lastKnownFileType = sourcecode.c.objc; path = "UIImage+Demo.m"; sourceTree = "<group>"; };
		B881070F24907C5500CD4448 /* UIImage+Demo.h */ = {isa = PBXFileReference; fileEncoding = 4; lastKnownFileType = sourcecode.c.h; path = "UIImage+Demo.h"; sourceTree = "<group>"; };
		B881071D2490811B00CD4448 /* CameraControlMaskView.h */ = {isa = PBXFileReference; lastKnownFileType = sourcecode.c.h; path = CameraControlMaskView.h; sourceTree = "<group>"; };
		B881071E2490811B00CD4448 /* CameraControlMaskView.m */ = {isa = PBXFileReference; lastKnownFileType = sourcecode.c.objc; path = CameraControlMaskView.m; sourceTree = "<group>"; };
		B881072424908D8200CD4448 /* CameraMoreMenuView.h */ = {isa = PBXFileReference; fileEncoding = 4; lastKnownFileType = sourcecode.c.h; path = CameraMoreMenuView.h; sourceTree = "<group>"; };
		B881072524908D8300CD4448 /* CameraMoreMenuView.m */ = {isa = PBXFileReference; fileEncoding = 4; lastKnownFileType = sourcecode.c.objc; path = CameraMoreMenuView.m; sourceTree = "<group>"; };
		B881072724908DC200CD4448 /* VerticalMenuView.h */ = {isa = PBXFileReference; fileEncoding = 4; lastKnownFileType = sourcecode.c.h; path = VerticalMenuView.h; sourceTree = "<group>"; };
		B881072824908DC200CD4448 /* VerticalMenuView.m */ = {isa = PBXFileReference; fileEncoding = 4; lastKnownFileType = sourcecode.c.objc; path = VerticalMenuView.m; sourceTree = "<group>"; };
		B882C3DD25E8D49E00CAB51A /* TuLaunchScreen.storyboard */ = {isa = PBXFileReference; fileEncoding = 4; lastKnownFileType = file.storyboard; name = TuLaunchScreen.storyboard; path = Resources/TuLaunchScreen.storyboard; sourceTree = "<group>"; };
		B882C3DF25E8D53100CAB51A /* home.jpg */ = {isa = PBXFileReference; lastKnownFileType = image.jpeg; name = home.jpg; path = Resources/home.jpg; sourceTree = "<group>"; };
		B8A4371325EB741C0015A5E9 /* TuBubbleView.h */ = {isa = PBXFileReference; fileEncoding = 4; lastKnownFileType = sourcecode.c.h; path = TuBubbleView.h; sourceTree = "<group>"; };
		B8A4371425EB741C0015A5E9 /* TuBubbleView.m */ = {isa = PBXFileReference; fileEncoding = 4; lastKnownFileType = sourcecode.c.objc; path = TuBubbleView.m; sourceTree = "<group>"; };
		B8A4371625EB745B0015A5E9 /* TUPFPBubbleTextFilter_Info.h */ = {isa = PBXFileReference; fileEncoding = 4; lastKnownFileType = sourcecode.c.h; path = TUPFPBubbleTextFilter_Info.h; sourceTree = "<group>"; };
		B8A4371725EB745B0015A5E9 /* TUPFPBubbleTextFilter_Info.m */ = {isa = PBXFileReference; fileEncoding = 4; lastKnownFileType = sourcecode.c.objc; path = TUPFPBubbleTextFilter_Info.m; sourceTree = "<group>"; };
		BAC964E7282C119A9411C823 /* libPods-TuSDKDemo.a */ = {isa = PBXFileReference; explicitFileType = archive.ar; includeInIndex = 0; path = "libPods-TuSDKDemo.a"; sourceTree = BUILT_PRODUCTS_DIR; };
		D723EC6823320EA800C500A1 /* WebKit.framework */ = {isa = PBXFileReference; lastKnownFileType = wrapper.framework; name = WebKit.framework; path = System/Library/Frameworks/WebKit.framework; sourceTree = SDKROOT; };
		D752E7C823138E88001C0B8A /* libresolv.9.tbd */ = {isa = PBXFileReference; lastKnownFileType = "sourcecode.text-based-dylib-definition"; name = libresolv.9.tbd; path = usr/lib/libresolv.9.tbd; sourceTree = SDKROOT; };
		D76BF0DF226F171F00813E99 /* EditPaintDrawComponentSample.h */ = {isa = PBXFileReference; lastKnownFileType = sourcecode.c.h; path = EditPaintDrawComponentSample.h; sourceTree = "<group>"; };
		D76BF0E0226F171F00813E99 /* EditPaintDrawComponentSample.m */ = {isa = PBXFileReference; lastKnownFileType = sourcecode.c.objc; path = EditPaintDrawComponentSample.m; sourceTree = "<group>"; };
		DC5013331B9E936F009239FF /* zh-Hant */ = {isa = PBXFileReference; lastKnownFileType = text.plist.strings; name = "zh-Hant"; path = "zh-Hant.lproj/TuSDK.strings"; sourceTree = "<group>"; };
		DC5013341B9E936F009239FF /* zh-Hant */ = {isa = PBXFileReference; lastKnownFileType = text.plist.strings; name = "zh-Hant"; path = "zh-Hant.lproj/Localizable.strings"; sourceTree = "<group>"; };
		DC5A355E1B4B8B2000691BD4 /* en */ = {isa = PBXFileReference; lastKnownFileType = text.plist.strings; name = en; path = en.lproj/TuSDK.strings; sourceTree = "<group>"; };
		DC5A355F1B4B8B2400691BD4 /* en */ = {isa = PBXFileReference; lastKnownFileType = text.plist.strings; name = en; path = en.lproj/Localizable.strings; sourceTree = "<group>"; };
		DC86AC931C911E6000891041 /* Base */ = {isa = PBXFileReference; lastKnownFileType = text.plist.strings; name = Base; path = Base.lproj/InfoPlist.strings; sourceTree = "<group>"; };
		DC86AC951C911E6900891041 /* En */ = {isa = PBXFileReference; lastKnownFileType = text.plist.strings; name = En; path = En.lproj/InfoPlist.strings; sourceTree = "<group>"; };
		DC86AC961C911E7200891041 /* zh-Hant */ = {isa = PBXFileReference; lastKnownFileType = text.plist.strings; name = "zh-Hant"; path = "zh-Hant.lproj/InfoPlist.strings"; sourceTree = "<group>"; };
		F816B9EB1EE8F0EC0058EE8B /* homepage_bg@2x.png */ = {isa = PBXFileReference; lastKnownFileType = image.png; name = "homepage_bg@2x.png"; path = "Resources/Images/homepage_bg@2x.png"; sourceTree = "<group>"; };
		F816B9EC1EE8F0EC0058EE8B /* homepage_bg@3x.png */ = {isa = PBXFileReference; lastKnownFileType = image.png; name = "homepage_bg@3x.png"; path = "Resources/Images/homepage_bg@3x.png"; sourceTree = "<group>"; };
		F816B9ED1EE8F0EC0058EE8B /* homepage_button_normal@2x.png */ = {isa = PBXFileReference; lastKnownFileType = image.png; name = "homepage_button_normal@2x.png"; path = "Resources/Images/homepage_button_normal@2x.png"; sourceTree = "<group>"; };
		F816B9EE1EE8F0EC0058EE8B /* homepage_button_normal@3x.png */ = {isa = PBXFileReference; lastKnownFileType = image.png; name = "homepage_button_normal@3x.png"; path = "Resources/Images/homepage_button_normal@3x.png"; sourceTree = "<group>"; };
		F816B9EF1EE8F0EC0058EE8B /* homepage_icon_beauty@2x.png */ = {isa = PBXFileReference; lastKnownFileType = image.png; name = "homepage_icon_beauty@2x.png"; path = "Resources/Images/homepage_icon_beauty@2x.png"; sourceTree = "<group>"; };
		F816B9F01EE8F0EC0058EE8B /* homepage_icon_beauty@3x.png */ = {isa = PBXFileReference; lastKnownFileType = image.png; name = "homepage_icon_beauty@3x.png"; path = "Resources/Images/homepage_icon_beauty@3x.png"; sourceTree = "<group>"; };
		F816B9F11EE8F0EC0058EE8B /* homepage_icon_camera@2x.png */ = {isa = PBXFileReference; lastKnownFileType = image.png; name = "homepage_icon_camera@2x.png"; path = "Resources/Images/homepage_icon_camera@2x.png"; sourceTree = "<group>"; };
		F816B9F21EE8F0EC0058EE8B /* homepage_icon_camera@3x.png */ = {isa = PBXFileReference; lastKnownFileType = image.png; name = "homepage_icon_camera@3x.png"; path = "Resources/Images/homepage_icon_camera@3x.png"; sourceTree = "<group>"; };
		F816B9F31EE8F0EC0058EE8B /* homepage_icon_next@2x.png */ = {isa = PBXFileReference; lastKnownFileType = image.png; name = "homepage_icon_next@2x.png"; path = "Resources/Images/homepage_icon_next@2x.png"; sourceTree = "<group>"; };
		F816B9F41EE8F0EC0058EE8B /* homepage_icon_next@3x.png */ = {isa = PBXFileReference; lastKnownFileType = image.png; name = "homepage_icon_next@3x.png"; path = "Resources/Images/homepage_icon_next@3x.png"; sourceTree = "<group>"; };
		F816B9F51EE8F0EC0058EE8B /* homepage_icon_tools@2x.png */ = {isa = PBXFileReference; lastKnownFileType = image.png; name = "homepage_icon_tools@2x.png"; path = "Resources/Images/homepage_icon_tools@2x.png"; sourceTree = "<group>"; };
		F816B9F61EE8F0EC0058EE8B /* homepage_icon_tools@3x.png */ = {isa = PBXFileReference; lastKnownFileType = image.png; name = "homepage_icon_tools@3x.png"; path = "Resources/Images/homepage_icon_tools@3x.png"; sourceTree = "<group>"; };
		F8369B051C426A1B009A2936 /* sample_gif_editor.gif */ = {isa = PBXFileReference; lastKnownFileType = image.gif; name = sample_gif_editor.gif; path = Resources/sample_gif_editor.gif; sourceTree = "<group>"; };
		F836C3FB1EFB669000F82ABD /* Bugly.framework */ = {isa = PBXFileReference; lastKnownFileType = wrapper.framework; name = Bugly.framework; path = TuSDKDemo/Resources/Bugly.framework; sourceTree = "<group>"; };
		F836C3FD1EFB66A100F82ABD /* libz.1.2.5.tbd */ = {isa = PBXFileReference; lastKnownFileType = "sourcecode.text-based-dylib-definition"; name = libz.1.2.5.tbd; path = usr/lib/libz.1.2.5.tbd; sourceTree = SDKROOT; };
		F836C3FF1EFB66A800F82ABD /* Security.framework */ = {isa = PBXFileReference; lastKnownFileType = wrapper.framework; name = Security.framework; path = System/Library/Frameworks/Security.framework; sourceTree = SDKROOT; };
		F836C4011EFB66B400F82ABD /* SystemConfiguration.framework */ = {isa = PBXFileReference; lastKnownFileType = wrapper.framework; name = SystemConfiguration.framework; path = System/Library/Frameworks/SystemConfiguration.framework; sourceTree = SDKROOT; };
		F860CB6425DFB6AA007B26B9 /* BubbleSampleController.h */ = {isa = PBXFileReference; lastKnownFileType = sourcecode.c.h; path = BubbleSampleController.h; sourceTree = "<group>"; };
		F860CB6525DFB6AA007B26B9 /* BubbleSampleController.mm */ = {isa = PBXFileReference; lastKnownFileType = sourcecode.cpp.objcpp; path = BubbleSampleController.mm; sourceTree = "<group>"; };
		F8E4855E1FB44C6000027176 /* iphonex_homepage_bg@3x.png */ = {isa = PBXFileReference; lastKnownFileType = image.png; name = "iphonex_homepage_bg@3x.png"; path = "Resources/Images/iphonex_homepage_bg@3x.png"; sourceTree = "<group>"; };
/* End PBXFileReference section */

/* Begin PBXFrameworksBuildPhase section */
		62235E7619FE41FA00F05DA6 /* Frameworks */ = {
			isa = PBXFrameworksBuildPhase;
			buildActionMask = 2147483647;
			files = (
				A6ABEEAD26B24D2000394B41 /* TuSDKPulse.framework in Frameworks */,
				D723EC6B2332241400C500A1 /* WebKit.framework in Frameworks */,
				D752E7C923138E88001C0B8A /* libresolv.9.tbd in Frameworks */,
				F836C4021EFB66B400F82ABD /* SystemConfiguration.framework in Frameworks */,
				A6ABEEB326B24D2000394B41 /* TuViews.framework in Frameworks */,
				F836C4001EFB66A800F82ABD /* Security.framework in Frameworks */,
				A6ABEEAB26B24D2000394B41 /* TuCamera.framework in Frameworks */,
				F836C3FE1EFB66A100F82ABD /* libz.1.2.5.tbd in Frameworks */,
				A6ABEEAF26B24D2000394B41 /* TuSDKPulseCore.framework in Frameworks */,
				33A6771E1D87EBE000107DC7 /* Accelerate.framework in Frameworks */,
				A6ABEEB126B24D2000394B41 /* TuSDKPulseFilter.framework in Frameworks */,
				A6ABEEB626B24E8B00394B41 /* AVFoundation.framework in Frameworks */,
				A6ABEE9F26B24C1B00394B41 /* TuSDKGeeV1.framework in Frameworks */,
				A6ABEEA126B24C1C00394B41 /* TuSDKGeeV2.framework in Frameworks */,
				F836C3FC1EFB669000F82ABD /* Bugly.framework in Frameworks */,
				62165F111BCCC22C00AD6279 /* Photos.framework in Frameworks */,
				75419B19A2C5A55550FA17A2 /* libPods-TuSDKDemo.a in Frameworks */,
			);
			runOnlyForDeploymentPostprocessing = 0;
		};
/* End PBXFrameworksBuildPhase section */

/* Begin PBXGroup section */
		2A6EF77B26A7CC4B00603711 /* jigsaw */ = {
			isa = PBXGroup;
			children = (
				2A6EF77C26A7CC7200603711 /* JigsawLayerView.h */,
				2A6EF77D26A7CC7200603711 /* JigsawLayerView.m */,
				2A6EF77F26A7FC0100603711 /* JigsawLayerItemView.h */,
				2A6EF78026A7FC0100603711 /* JigsawLayerItemView.m */,
			);
			path = jigsaw;
			sourceTree = "<group>";
		};
		2AC410192614588C00148F8F /* Common */ = {
			isa = PBXGroup;
			children = (
				2AC4101A2614589C00148F8F /* FCFileManager.h */,
				2AC4101B2614589D00148F8F /* FCFileManager.m */,
				2AC410202614808700148F8F /* TuCommon.h */,
				2AC410212614808700148F8F /* TuCommon.m */,
			);
			path = Common;
			sourceTree = "<group>";
		};
		3BA97E2D6E09CF0DFB18D8F9 /* Pods */ = {
			isa = PBXGroup;
			children = (
				5A354DBF234155F68C7EFEA2 /* Pods-TuSDKDemo.debug.xcconfig */,
				5BD4A8DCD0065629258033C0 /* Pods-TuSDKDemo.release.xcconfig */,
			);
			path = Pods;
			sourceTree = "<group>";
		};
		427E6B891D8F979400DE7BF8 /* GeeV1 */ = {
			isa = PBXGroup;
			children = (
				427E6B8A1D8F979400DE7BF8 /* API */,
				427E6B8D1D8F979400DE7BF8 /* Component */,
				427E6B941D8F979400DE7BF8 /* CustomUI */,
				427E6BA81D8F979400DE7BF8 /* Feature */,
				427E6BB51D8F979400DE7BF8 /* Suite */,
			);
			name = GeeV1;
			path = Source/GeeV1;
			sourceTree = "<group>";
		};
		427E6B8A1D8F979400DE7BF8 /* API */ = {
			isa = PBXGroup;
			children = (
				626F59EE248E2DF600CFCA7D /* DefineCAEAGLView.h */,
				626F59EF248E2DF600CFCA7D /* DefineCAEAGLView.m */,
			);
			path = API;
			sourceTree = "<group>";
		};
		427E6B8D1D8F979400DE7BF8 /* Component */ = {
			isa = PBXGroup;
			children = (
				427E6B8E1D8F979400DE7BF8 /* AlbumComponentSample.h */,
				427E6B8F1D8F979400DE7BF8 /* AlbumComponentSample.m */,
				427E6B901D8F979400DE7BF8 /* AlbumMultipleComponentSample.h */,
				427E6B911D8F979400DE7BF8 /* AlbumMultipleComponentSample.m */,
			);
			path = Component;
			sourceTree = "<group>";
		};
		427E6B941D8F979400DE7BF8 /* CustomUI */ = {
			isa = PBXGroup;
			children = (
				2A6EF77B26A7CC4B00603711 /* jigsaw */,
				B88106ED24907C5500CD4448 /* Camera */,
				427E6B951D8F979400DE7BF8 /* CustomizedCameraComponent.h */,
				427E6B961D8F979400DE7BF8 /* CustomizedCameraComponent.m */,
				427E6B971D8F979400DE7BF8 /* CustomizedEditAndCutComponent.h */,
				427E6B981D8F979400DE7BF8 /* CustomizedEditAndCutComponent.m */,
				B88106EB24907C3500CD4448 /* CustomizedNewCameraComponent.h */,
				B88106EA24907C3500CD4448 /* CustomizedNewCameraComponent.m */,
			);
			path = CustomUI;
			sourceTree = "<group>";
		};
		427E6BA81D8F979400DE7BF8 /* Feature */ = {
			isa = PBXGroup;
			children = (
				F860CB6425DFB6AA007B26B9 /* BubbleSampleController.h */,
				F860CB6525DFB6AA007B26B9 /* BubbleSampleController.mm */,
				427E6BA91D8F979400DE7BF8 /* CameraAndEditorSample.h */,
				427E6BAA1D8F979400DE7BF8 /* CameraAndEditorSample.m */,
				427E6BAB1D8F979400DE7BF8 /* EditFilterSampleController.h */,
				427E6BAC1D8F979400DE7BF8 /* EditFilterSampleController.m */,
				427E6BAD1D8F979400DE7BF8 /* SelfishCameraSample.h */,
				427E6BAE1D8F979400DE7BF8 /* SelfishCameraSample.m */,
				427E6BAF1D8F979400DE7BF8 /* StickerSampleController.h */,
				427E6BB01D8F979400DE7BF8 /* StickerSampleController.m */,
				427E6BB11D8F979400DE7BF8 /* WipeAndFilterSampleController.h */,
				427E6BB21D8F979400DE7BF8 /* WipeAndFilterSampleController.m */,
				2A6EF76C26A568F700603711 /* JigsawSampleController.h */,
				2A6EF76D26A568F700603711 /* JigsawSampleController.m */,
			);
			path = Feature;
			sourceTree = "<group>";
		};
		427E6BB51D8F979400DE7BF8 /* Suite */ = {
			isa = PBXGroup;
			children = (
				42BACA7E1D8FB472002B849C /* CameraComponentSample.h */,
				42BACA7F1D8FB472002B849C /* CameraComponentSample.m */,
				427E6BB81D8F979400DE7BF8 /* EditAdvancedComponentSample.h */,
				427E6BB91D8F979400DE7BF8 /* EditAdvancedComponentSample.m */,
				427E6BBA1D8F979400DE7BF8 /* EditAndCutComponentSample.h */,
				427E6BBB1D8F979400DE7BF8 /* EditAndCutComponentSample.m */,
				427E6BBC1D8F979400DE7BF8 /* EditAvatarComponentSample.h */,
				427E6BBD1D8F979400DE7BF8 /* EditAvatarComponentSample.m */,
				42BACA801D8FB472002B849C /* EditMultipleComponentSample.h */,
				42BACA811D8FB472002B849C /* EditMultipleComponentSample.m */,
				D76BF0DF226F171F00813E99 /* EditPaintDrawComponentSample.h */,
				D76BF0E0226F171F00813E99 /* EditPaintDrawComponentSample.m */,
			);
			path = Suite;
			sourceTree = "<group>";
		};
		427E6BC01D8F979400DE7BF8 /* GeeV2 */ = {
			isa = PBXGroup;
			children = (
				42BACA841D8FBB3C002B849C /* Suite */,
			);
			name = GeeV2;
			path = Source/GeeV2;
			sourceTree = "<group>";
		};
		42BACA841D8FBB3C002B849C /* Suite */ = {
			isa = PBXGroup;
			children = (
				42BACA8B1D8FBBB5002B849C /* GeeV2Sample.h */,
				42BACA8C1D8FBBB5002B849C /* GeeV2Sample.m */,
			);
			path = Suite;
			sourceTree = "<group>";
		};
		62235E7019FE41FA00F05DA6 = {
			isa = PBXGroup;
			children = (
				62235E7B19FE41FA00F05DA6 /* TuSDKDemo */,
				62235EA619FE45B700F05DA6 /* Frameworks */,
				62235E7A19FE41FA00F05DA6 /* Products */,
				7C7D8C1D25E63177006F6320 /* Recovered References */,
				3BA97E2D6E09CF0DFB18D8F9 /* Pods */,
			);
			sourceTree = "<group>";
		};
		62235E7A19FE41FA00F05DA6 /* Products */ = {
			isa = PBXGroup;
			children = (
				62235E7919FE41FA00F05DA6 /* TuSDKDemo.app */,
			);
			name = Products;
			sourceTree = "<group>";
		};
		62235E7B19FE41FA00F05DA6 /* TuSDKDemo */ = {
			isa = PBXGroup;
			children = (
				62235E8019FE41FA00F05DA6 /* AppDelegate.h */,
				62235E8119FE41FA00F05DA6 /* AppDelegate.m */,
				62235EC319FF38A300F05DA6 /* Source */,
				62235EC019FF386500F05DA6 /* Resources */,
				62235E7C19FE41FA00F05DA6 /* Supporting Files */,
			);
			path = TuSDKDemo;
			sourceTree = "<group>";
		};
		62235E7C19FE41FA00F05DA6 /* Supporting Files */ = {
			isa = PBXGroup;
			children = (
				62235E7D19FE41FA00F05DA6 /* Info.plist */,
				62235E7E19FE41FA00F05DA6 /* main.m */,
				62235EBE19FF30B200F05DA6 /* TuSDKDemo-Prefix.pch */,
				62BD58F01AEA025A00D61FC1 /* TuSDKFramework.h */,
			);
			name = "Supporting Files";
			sourceTree = "<group>";
		};
		62235EA619FE45B700F05DA6 /* Frameworks */ = {
			isa = PBXGroup;
			children = (
				A6ABEEB526B24E8B00394B41 /* AVFoundation.framework */,
				2AA75CE5262D8E6C005469C8 /* TuSDKPulseCore.framework */,
				33A65C9D1D864B0000107DC7 /* Accelerate.framework */,
				F836C3FB1EFB669000F82ABD /* Bugly.framework */,
				D752E7C823138E88001C0B8A /* libresolv.9.tbd */,
				7C8ECA8A25CA877300A7BF0B /* libTuSDKGeeV1.a */,
				7C8ECA8C25CA877700A7BF0B /* libTuSDKGeeV2.a */,
				F836C3FD1EFB66A100F82ABD /* libz.1.2.5.tbd */,
				62165F101BCCC22C00AD6279 /* Photos.framework */,
				F836C3FF1EFB66A800F82ABD /* Security.framework */,
				F836C4011EFB66B400F82ABD /* SystemConfiguration.framework */,
				7C846F6925EF5F1A006D6114 /* TuCamera.framework */,
				7C75276225AD7C2D0031CC10 /* TuSDKPulse.framework */,
				7C75275E25AD76620031CC10 /* TuSDKPulseFilter.framework */,
				7C846F4425EF34C5006D6114 /* TuViews.framework */,
				D723EC6823320EA800C500A1 /* WebKit.framework */,
				7C75275C25AD76580031CC10 /* TuSDKPulse.framework */,
				BAC964E7282C119A9411C823 /* libPods-TuSDKDemo.a */,
			);
			name = Frameworks;
			sourceTree = "<group>";
		};
		62235EC019FF386500F05DA6 /* Resources */ = {
			isa = PBXGroup;
			children = (
				A6ABEE9026B2481000394B41 /* TuSDK */,
				2A6EF78426A910B400603711 /* jigsaw_ex.zip */,
				2A6EF78326A910B400603711 /* jigsaw_ex2.zip */,
				2A6EF78226A910B300603711 /* jigsaw_ex3.zip */,
				B882C3DF25E8D53100CAB51A /* home.jpg */,
				B882C3DD25E8D49E00CAB51A /* TuLaunchScreen.storyboard */,
				02D1AB6D1CF17C9A00C8497D /* sample_watermark.png */,
				02D1AB651CEF2A0A00C8497D /* sample_photo.jpg */,
				F8369B051C426A1B009A2936 /* sample_gif_editor.gif */,
				F8F3DD121C23A9A1001E923E /* Images */,
				62235EEE19FF6B7300F05DA6 /* Images.xcassets */,
				62235EEB19FF6AF000F05DA6 /* Localized */,
				625540C01A5650E200614A61 /* TuSDKPulse.bundle */,
			);
			name = Resources;
			sourceTree = "<group>";
		};
		62235EC319FF38A300F05DA6 /* Source */ = {
			isa = PBXGroup;
			children = (
				427053901DB9B0CD00C62CCC /* DemoComponentListController.h */,
				427053911DB9B0CD00C62CCC /* DemoComponentListController.m */,
				427053921DB9B0CD00C62CCC /* DemoRootView.h */,
				427053931DB9B0CD00C62CCC /* DemoRootView.m */,
				427053941DB9B0CD00C62CCC /* DemoRootViewController.h */,
				427053951DB9B0CD00C62CCC /* DemoRootViewController.m */,
				427053961DB9B0CD00C62CCC /* SampleBase.h */,
				427053971DB9B0CD00C62CCC /* SampleBase.m */,
				2AC410192614588C00148F8F /* Common */,
				427E6B891D8F979400DE7BF8 /* GeeV1 */,
				427E6BC01D8F979400DE7BF8 /* GeeV2 */,
			);
			name = Source;
			sourceTree = "<group>";
		};
		62235EEB19FF6AF000F05DA6 /* Localized */ = {
			isa = PBXGroup;
			children = (
				DC86AC921C911E6000891041 /* InfoPlist.strings */,
				62235EF019FF6C8100F05DA6 /* TuSDK.strings */,
				628DEDF51AEA0D5F006CC06C /* Localizable.strings */,
			);
			name = Localized;
			path = Resources/Localized;
			sourceTree = "<group>";
		};
		7C7D8C1D25E63177006F6320 /* Recovered References */ = {
			isa = PBXGroup;
			children = (
				7C75276425AD7C330031CC10 /* TuSDKPulseFilter.framework */,
			);
			name = "Recovered References";
			sourceTree = "<group>";
		};
		A6ABEE9026B2481000394B41 /* TuSDK */ = {
			isa = PBXGroup;
			children = (
				A6ABEE9126B2481000394B41 /* TuViews.framework */,
				A6ABEE9226B2481000394B41 /* TuCamera.framework */,
				A6ABEE9326B2481000394B41 /* TuSDKPulseFilter.framework */,
				A6ABEE9426B2481000394B41 /* TuSDKGeeV1.framework */,
				A6ABEE9526B2481000394B41 /* TuSDKGeeV2.framework */,
				A6ABEE9626B2481000394B41 /* TuSDKPulse.framework */,
				A6ABEE9726B2481000394B41 /* TuSDKPulseCore.framework */,
			);
			name = TuSDK;
			path = Resources/TuSDK;
			sourceTree = "<group>";
		};
		B88106ED24907C5500CD4448 /* Camera */ = {
			isa = PBXGroup;
			children = (
				B88106EE24907C5500CD4448 /* Classes */,
				B88106F024907C5500CD4448 /* Views */,
				B881070324907C5500CD4448 /* OverlayPanel */,
				B881070D24907C5500CD4448 /* Categories */,
			);
			path = Camera;
			sourceTree = "<group>";
		};
		B88106EE24907C5500CD4448 /* Classes */ = {
			isa = PBXGroup;
			children = (
				B8A4371625EB745B0015A5E9 /* TUPFPBubbleTextFilter_Info.h */,
				B8A4371725EB745B0015A5E9 /* TUPFPBubbleTextFilter_Info.m */,
				B88106EF24907C5500CD4448 /* Constants.h */,
				2AC4101D2614673000148F8F /* JMBubbleFilter.h */,
				2AC4101E2614673000148F8F /* JMBubbleFilter.m */,
			);
			path = Classes;
			sourceTree = "<group>";
		};
		B88106F024907C5500CD4448 /* Views */ = {
			isa = PBXGroup;
			children = (
				B8A4371325EB741C0015A5E9 /* TuBubbleView.h */,
				B8A4371425EB741C0015A5E9 /* TuBubbleView.m */,
				B881072724908DC200CD4448 /* VerticalMenuView.h */,
				B881072824908DC200CD4448 /* VerticalMenuView.m */,
				B88107202490818600CD4448 /* ControlMaskView */,
				B88106FA24907C5500CD4448 /* ViewSlider.h */,
				B88106F224907C5500CD4448 /* ViewSlider.m */,
				B88106F324907C5500CD4448 /* ParametersAdjustView.h */,
				B88106FE24907C5500CD4448 /* ParametersAdjustView.m */,
				B88106F124907C5500CD4448 /* RecordButton.h */,
				B88106FB24907C5500CD4448 /* RecordButton.m */,
				B88106F524907C5500CD4448 /* PhotoCaptureConfirmView.h */,
				B88106FD24907C5500CD4448 /* PhotoCaptureConfirmView.m */,
				B88106FF24907C5500CD4448 /* PageTabbar.h */,
				B88106F424907C5500CD4448 /* PageTabbar.m */,
				B881070024907C5500CD4448 /* DemoAppearance.h */,
				B88106F724907C5500CD4448 /* DemoAppearance.m */,
				B88106F624907C5500CD4448 /* HorizontalListView.h */,
				B88106FC24907C5500CD4448 /* HorizontalListView.m */,
				B88106F924907C5500CD4448 /* HorizontalListItemView.h */,
				B881070124907C5500CD4448 /* HorizontalListItemView.m */,
				B88106F824907C5500CD4448 /* CustomSlider.h */,
				B881070224907C5500CD4448 /* CustomSlider.m */,
			);
			path = Views;
			sourceTree = "<group>";
		};
		B881070324907C5500CD4448 /* OverlayPanel */ = {
			isa = PBXGroup;
			children = (
				B881072424908D8200CD4448 /* CameraMoreMenuView.h */,
				B881072524908D8300CD4448 /* CameraMoreMenuView.m */,
				B881070424907C5500CD4448 /* CameraFilterPanelProtocol.h */,
				B881070524907C5500CD4448 /* OverlayViewProtocol.h */,
				B881070624907C5500CD4448 /* FilterPanel */,
			);
			path = OverlayPanel;
			sourceTree = "<group>";
		};
		B881070624907C5500CD4448 /* FilterPanel */ = {
			isa = PBXGroup;
			children = (
				B881070724907C5500CD4448 /* CameraFilterPanelView.h */,
				B881070B24907C5500CD4448 /* CameraFilterPanelView.m */,
				B881070A24907C5500CD4448 /* CameraNormalFilterListView.h */,
				B881070824907C5500CD4448 /* CameraNormalFilterListView.m */,
				B881070924907C5500CD4448 /* CameraComicsFilterListView.h */,
				B881070C24907C5500CD4448 /* CameraComicsFilterListView.m */,
			);
			path = FilterPanel;
			sourceTree = "<group>";
		};
		B881070D24907C5500CD4448 /* Categories */ = {
			isa = PBXGroup;
			children = (
				B881070E24907C5500CD4448 /* UIImage+Demo.m */,
				B881070F24907C5500CD4448 /* UIImage+Demo.h */,
			);
			path = Categories;
			sourceTree = "<group>";
		};
		B88107202490818600CD4448 /* ControlMaskView */ = {
			isa = PBXGroup;
			children = (
				B881071D2490811B00CD4448 /* CameraControlMaskView.h */,
				B881071E2490811B00CD4448 /* CameraControlMaskView.m */,
			);
			path = ControlMaskView;
			sourceTree = "<group>";
		};
		F8F3DD121C23A9A1001E923E /* Images */ = {
			isa = PBXGroup;
			children = (
				A60D17C926170C6400F736A9 /* 带劲.png */,
				A60D17C826170C6400F736A9 /* 快乐水.png */,
				A60D17CA26170C6400F736A9 /* message.png */,
				F816B9EB1EE8F0EC0058EE8B /* homepage_bg@2x.png */,
				F816B9EC1EE8F0EC0058EE8B /* homepage_bg@3x.png */,
				F816B9ED1EE8F0EC0058EE8B /* homepage_button_normal@2x.png */,
				F816B9EE1EE8F0EC0058EE8B /* homepage_button_normal@3x.png */,
				F8E4855E1FB44C6000027176 /* iphonex_homepage_bg@3x.png */,
				F816B9EF1EE8F0EC0058EE8B /* homepage_icon_beauty@2x.png */,
				F816B9F01EE8F0EC0058EE8B /* homepage_icon_beauty@3x.png */,
				F816B9F11EE8F0EC0058EE8B /* homepage_icon_camera@2x.png */,
				F816B9F21EE8F0EC0058EE8B /* homepage_icon_camera@3x.png */,
				F816B9F31EE8F0EC0058EE8B /* homepage_icon_next@2x.png */,
				F816B9F41EE8F0EC0058EE8B /* homepage_icon_next@3x.png */,
				F816B9F51EE8F0EC0058EE8B /* homepage_icon_tools@2x.png */,
				F816B9F61EE8F0EC0058EE8B /* homepage_icon_tools@3x.png */,
			);
			name = Images;
			sourceTree = "<group>";
		};
/* End PBXGroup section */

/* Begin PBXNativeTarget section */
		62235E7819FE41FA00F05DA6 /* TuSDKDemo */ = {
			isa = PBXNativeTarget;
			buildConfigurationList = 62235E9C19FE41FA00F05DA6 /* Build configuration list for PBXNativeTarget "TuSDKDemo" */;
			buildPhases = (
				9A9EFD1183BA0923D30440D0 /* [CP] Check Pods Manifest.lock */,
				62235E7519FE41FA00F05DA6 /* Sources */,
				62235E7619FE41FA00F05DA6 /* Frameworks */,
				62235E7719FE41FA00F05DA6 /* Resources */,
				62703D911B9C03F9000C3614 /* Embed Frameworks */,
				2A152F67263508050013C9BB /* ShellScript */,
			);
			buildRules = (
			);
			dependencies = (
			);
			name = TuSDKDemo;
			productName = TuSDKDemo;
			productReference = 62235E7919FE41FA00F05DA6 /* TuSDKDemo.app */;
			productType = "com.apple.product-type.application";
		};
/* End PBXNativeTarget section */

/* Begin PBXProject section */
		62235E7119FE41FA00F05DA6 /* Project object */ = {
			isa = PBXProject;
			attributes = {
				LastUpgradeCheck = 1230;
				ORGANIZATIONNAME = tusdk.com;
				TargetAttributes = {
					62235E7819FE41FA00F05DA6 = {
						CreatedOnToolsVersion = 6.1;
						DevelopmentTeam = 9U2KRZU6GT;
						ProvisioningStyle = Automatic;
					};
				};
			};
			buildConfigurationList = 62235E7419FE41FA00F05DA6 /* Build configuration list for PBXProject "TuSDKDemo" */;
			compatibilityVersion = "Xcode 3.2";
			developmentRegion = English;
			hasScannedForEncodings = 0;
			knownRegions = (
				English,
				en,
				Base,
				"zh-Hant",
			);
			mainGroup = 62235E7019FE41FA00F05DA6;
			productRefGroup = 62235E7A19FE41FA00F05DA6 /* Products */;
			projectDirPath = "";
			projectRoot = "";
			targets = (
				62235E7819FE41FA00F05DA6 /* TuSDKDemo */,
			);
		};
/* End PBXProject section */

/* Begin PBXResourcesBuildPhase section */
		62235E7719FE41FA00F05DA6 /* Resources */ = {
			isa = PBXResourcesBuildPhase;
			buildActionMask = 2147483647;
			files = (
				F8E4855F1FB44C6100027176 /* iphonex_homepage_bg@3x.png in Resources */,
				628DEDF31AEA0D5F006CC06C /* Localizable.strings in Resources */,
				F816BA011EE8F0EC0058EE8B /* homepage_icon_tools@2x.png in Resources */,
				F816B9FC1EE8F0EC0058EE8B /* homepage_icon_beauty@3x.png in Resources */,
				2A6EF78726A910B400603711 /* jigsaw_ex.zip in Resources */,
				F816B9FE1EE8F0EC0058EE8B /* homepage_icon_camera@3x.png in Resources */,
				DC86AC941C911E6000891041 /* InfoPlist.strings in Resources */,
				625540C11A5650E200614A61 /* TuSDKPulse.bundle in Resources */,
				62235EF219FF6C8100F05DA6 /* TuSDK.strings in Resources */,
				F8369B061C426A1B009A2936 /* sample_gif_editor.gif in Resources */,
				B882C3DE25E8D49E00CAB51A /* TuLaunchScreen.storyboard in Resources */,
				2A6EF78526A910B400603711 /* jigsaw_ex3.zip in Resources */,
				F816B9FB1EE8F0EC0058EE8B /* homepage_icon_beauty@2x.png in Resources */,
				A60D17CD26170C6400F736A9 /* message.png in Resources */,
				F816B9FF1EE8F0EC0058EE8B /* homepage_icon_next@2x.png in Resources */,
				B882C3E025E8D53100CAB51A /* home.jpg in Resources */,
				62235EEF19FF6B7300F05DA6 /* Images.xcassets in Resources */,
				A60D17CB26170C6400F736A9 /* 快乐水.png in Resources */,
				F816BA021EE8F0EC0058EE8B /* homepage_icon_tools@3x.png in Resources */,
				A60D17CC26170C6400F736A9 /* 带劲.png in Resources */,
				02D1AB671CEF2A0A00C8497D /* sample_photo.jpg in Resources */,
				F816B9F81EE8F0EC0058EE8B /* homepage_bg@3x.png in Resources */,
				F816B9FD1EE8F0EC0058EE8B /* homepage_icon_camera@2x.png in Resources */,
				2A6EF78626A910B400603711 /* jigsaw_ex2.zip in Resources */,
				02D1AB6E1CF17C9A00C8497D /* sample_watermark.png in Resources */,
				F816B9F91EE8F0EC0058EE8B /* homepage_button_normal@2x.png in Resources */,
				F816B9F71EE8F0EC0058EE8B /* homepage_bg@2x.png in Resources */,
				F816B9FA1EE8F0EC0058EE8B /* homepage_button_normal@3x.png in Resources */,
				F816BA001EE8F0EC0058EE8B /* homepage_icon_next@3x.png in Resources */,
			);
			runOnlyForDeploymentPostprocessing = 0;
		};
/* End PBXResourcesBuildPhase section */

/* Begin PBXShellScriptBuildPhase section */
		2A152F67263508050013C9BB /* ShellScript */ = {
			isa = PBXShellScriptBuildPhase;
			buildActionMask = 2147483647;
			files = (
			);
			inputFileListPaths = (
			);
			inputPaths = (
			);
			outputFileListPaths = (
			);
			outputPaths = (
			);
			runOnlyForDeploymentPostprocessing = 0;
			shellPath = /bin/sh;
			shellScript = "# Type a script or drag a script file from your workspace to insert its path.\n#!/bin/sh\n#\n# Copyright 2016 Bugly, Tencent. All rights reserved.\n#\n# V1.4.0\n#\n# 2016.08.03\n#\n#\n#\n######################################################\n# 1. 脚本集成到Xcode工程的Target\n######################################################\n#\n# --- Copy the SCRIPT to the Run Script of Build Phases in the Xcode project ---\n#\n# #\nBUGLY_APP_ID=\"292786cf8b\"\n# #\nBUGLY_APP_KEY=\"26e7e25d-544b-4585-870a-c60625903899\"\n# #\nBUNDLE_IDENTIFIER=\"org.lasque.TuEffectCameraDemo\"\n# #\nUPLOAD_DSYM_ONLY=1\n#\n# # 脚本默认配置的版本格式为CFBundleShortVersionString(CFBundleVersion),  如果你修改默认的版本格式, 请设置此变量, 如果不想修改, 请忽略此设置\n# CUSTOMIZED_APP_VERSION=\"\"\n#\n# # Debug模式编译是否上传，1＝上传 0＝不上传，默认不上传\n UPLOAD_DEBUG_SYMBOLS=1\n#\n# # 模拟器编译是否上传，1=上传 0=不上传，默认不上传\n# UPLOAD_SIMULATOR_SYMBOLS=0\n#\n# #只有Archive操作时上传, 1=支持Archive上传 0=所有Release模式编译都上传\n# UPLOAD_ARCHIVE_ONLY=0\n#\n# #\n# source dSYMUpload.sh\n#\n# --- END OF SCRIPT ---\n#\n#\n#\n#\n#######################################################\n# 2. 脚本根据输入参数处理\n#######################################################\n#\n# #命令行下输入应用基本信息, .dSYM文件的父目录路径, 输出文件目录即可\n#\n# sh dSYMUpload.sh <bugly_app_id> <bugly_app_key> <app_bundle_identifier> <app_version> <dSYM_src_dir> <bSYMBOL_dest_dir>\n#\n# #\n#\n# #注意:\n# # 1. dSYMUpload.sh会调用buglySymboliOS.jar进行.dSYM解析，所以依赖Java运行时环境\n# # 2. dSYMUpload.sh和buglySymboliOS.jar的文件路径需一致\n#\n#\n\n#\n# --- CONTENT OF SCRIPT ---\n#\n\n# Bugly服务域名\nBUGLY_DSYM_UPLOAD_DOMAIN=\"api.bugly.qq.com\"\n\n# 注意jar工具的路径跟dSYMUpload.sh脚本路径一致, 请务必保证jar路径的正确性\nBUGLY_SYMBOL_JAR_PATH=\"dsymtool/buglySymboliOS.jar\"\n# 查找添加到系统目录的jar工具\nif [ ! -f \"${BUGLY_SYMBOL_JAR_PATH}\" ]; then\n    BUGLY_SYMBOL_JAR_PATH=\"$HOME/bin/buglySymboliOS.jar\"\nfi\n\n# 打印错误信息\nfunction exitWithMessage(){\n    echo \"--------------------------------\"\n    echo \"${1}\"\n    echo \"--------------------------------\"\n    exit ${2}\n}\n\n# 上传bSYMBOL文件\nfunction dSYMUpload() {\n    P_APP_ID=\"$1\"\n    P_APP_KEY=\"$2\"\n    P_APP_BUNDLE_ID=\"$3\"\n    P_APP_VERSION=\"$4\"\n    P_BSYMBOL_ZIP_FILE=\"$5\"\n\n    #\n    P_BSYMBOL_ZIP_FILE_NAME=${P_BSYMBOL_ZIP_FILE##*/}\n    P_BSYMBOL_ZIP_FILE_NAME=${P_BSYMBOL_ZIP_FILE_NAME//&/_}\n    P_BSYMBOL_ZIP_FILE_NAME=\"${P_BSYMBOL_ZIP_FILE_NAME// /_}\"\n\n    DSYM_UPLOAD_URL=\"https://${BUGLY_DSYM_UPLOAD_DOMAIN}/openapi/file/upload/symbol?app_id=${P_APP_ID}&app_key=${P_APP_KEY}\"\n    echo \"dSYM upload url: ${DSYM_UPLOAD_URL}\"\n\n    echo \"-----------------------------\"\n    STATUS=$(/usr/bin/curl -k \"${DSYM_UPLOAD_URL}\" --form \"api_version=1\" --form \"app_id=${P_APP_ID}\" --form \"app_key=${P_APP_KEY}\" --form \"symbolType=2\"  --form \"bundleId=${BUNDLE_IDENTIFIER}\" --form \"productVersion=${BUGLY_APP_VERSION}\" --form \"fileName=${P_BSYMBOL_ZIP_FILE_NAME}\" --form \"file=@${P_BSYMBOL_ZIP_FILE}\" --verbose)\n    echo \"-----------------------------\"\n\n    UPLOAD_RESULT=\"FAILTURE\"\n    echo \"Bugly server response: ${STATUS}\"\n    if [ ! \"${STATUS}\" ]; then\n        echo \"Error: Failed to upload the zip archive file.\"\n    elif [[ \"${STATUS}\" == *\"{\\\"reponseCode\\\":\\\"0\\\"}\"* ]]; then\n        echo \"Success to upload the dSYM for the app [${BUNDLE_IDENTIFIER} ${BUGLY_APP_VERSION}]\"\n        UPLOAD_RESULT=\"SUCCESS\"\n    else\n        echo \"Error: Failed to upload the zip archive file to Bugly.\"\n    fi\n\n    #Remove temp dSYM archive\n    #echo \"Remove temporary zip archive: ${DSYM_ZIP_FPATH}\"\n    #/bin/rm -f \"${DSYM_ZIP_FPATH}\"\n\n    if [ \"$?\" -ne 0 ]; then\n        exitWithMessage \"Error: Failed to remove temporary zip archive.\" 0\n    fi\n\n    echo \"--------------------------------\"\n    echo \"${UPLOAD_RESULT} - dSYM upload complete.\"\n\n    if [[ \"${UPLOAD_RESULT}\" == \"FAILTURE\" ]]; then\n        echo \"--------------------------------\"\n        echo \"Failed to upload the dSYM\"\n        echo \"Please check the script and try it again.\"\n    fi\n}\n\n# .dSYM解析为bSYMBOL文件\nfunction dSYMParse() {\n    DSYM_FILE=\"$1\"\n    DSYM_SYMBOL_FILE=\"$2\"\n\n    echo \"--------------------------------\"\n    echo \"Extract symbol info from .dSYM file. to ${DSYM_SYMBOL_FILE}\"\n    (/usr/bin/java -Xms512m -Xmx1024m -Dfile.encoding=UTF8 -jar \"${BUGLY_SYMBOL_JAR_PATH}\" -i \"${DSYM_FILE}\" -o \"${DSYM_SYMBOL_FILE}\" ) || exitWithMessage \"Error: Failed to extract symbols.\" 1\n    echo \"--------------------------------\"\n\n}\n\n# 执行\nfunction run() {\n\n    CONFIG_BUGLY_APP_ID=\"$1\"\n    CONFIG_BUGLY_APP_KEY=\"$2\"\n\n    CONFIG_BUGLY_APP_BUNDLE_IDENTIFIER=\"$3\"\n    CONFIG_BUGLY_APP_VERSION=\"$4\"\n    CONFIG_DSYM_SOURCE_DIR=\"$5\"\n    CONFIG_DSYM_DEST_DIR=\"$6\"\n    CONFIG_UPLOAD_DSYM_ONLY=\"$7\"\n\n    # 检查必须参数是否设置\n    if [ ! \"${CONFIG_BUGLY_APP_ID}\" ]; then\n        exitWithMessage \"Error: Bugly App ID not defined. Please set 'BUGLY_APP_ID' \" 0\n    fi\n\n    if [[ \"${CONFIG_BUGLY_APP_ID}\" == *\"App ID\"* ]]; then\n        exitWithMessage \"Error: Bugly App ID not defined.\" 0\n    fi\n\n    if [ ! \"${CONFIG_BUGLY_APP_KEY}\" ]; then\n        exitWithMessage \"Error: Bugly App Key not defined.\" 0\n    fi\n\n    if [ ! \"${CONFIG_BUGLY_APP_BUNDLE_IDENTIFIER}\" ]; then\n        exitWithMessage \"Error: Bundle Identifier not defined.\" 0\n    fi\n\n    if [ ! \"${CONFIG_BUGLY_APP_VERSION}\" ]; then\n        exitWithMessage \"Error: App Version not defined.\" 0\n    fi\n\n    if [ ! -e \"${CONFIG_DSYM_SOURCE_DIR}\" ]; then\n        exitWithMessage \"Error: Invalid dir ${CONFIG_DSYM_SOURCE_DIR}\" 0\n    fi\n\n    if [ ! \"${CONFIG_DSYM_DEST_DIR}\" ]; then\n        exitWithMessage \"Error: Invalid dir ${CONFIG_DSYM_DEST_DIR}\" 0\n    fi\n\n    if [ ! -e \"${CONFIG_DSYM_DEST_DIR}\" ]; then\n        mkdir ${CONFIG_DSYM_DEST_DIR}\n    fi\n\n    DSYM_FOLDER=\"${CONFIG_DSYM_SOURCE_DIR}\"\n    IFS=$'\\n'\n\n    echo \"Scaning dSYM FOLDER: ${DSYM_FOLDER} ...\"\n    RET=\"F\"\n    \n    #\n    for dsymFile in $(find \"$DSYM_FOLDER\" -name '*.dSYM'); do\n        RET=\"T\"\n        echo \"Found dSYM file: $dsymFile\"\n\n        DSYM_FILE_NAME=${dsymFile##*/}\n        DSYM_SYMBOL_ZIP_FILE_NAME=\"${DSYM_FILE_NAME}.zip\"\n        DSYM_SYMBOL_ZIP_FILE_NAME=\"${DSYM_SYMBOL_ZIP_FILE_NAME// /_}\"\n        DSYM_SYMBOL_ZIP_FILE=${CONFIG_DSYM_DEST_DIR}/${DSYM_SYMBOL_ZIP_FILE_NAME}\n\n        if [ $CONFIG_UPLOAD_DSYM_ONLY -eq 1 ]; then\n            if [ -e $DSYM_SYMBOL_ZIP_FILE ]; then\n                rm -f $DSYM_SYMBOL_ZIP_FILE\n            fi\n            # 如果只上传dSYM，直接压缩dSYM目录\n            zip -r -j $DSYM_SYMBOL_ZIP_FILE $dsymFile -x *.plist\n        else\n            # 使用符号表工具来生成Symbol文件\n            dSYMParse $dsymFile $DSYM_SYMBOL_ZIP_FILE\n        fi\n        \n        # 上传\n        dSYMUpload $CONFIG_BUGLY_APP_ID $CONFIG_BUGLY_APP_KEY $CONFIG_BUGLY_APP_BUNDLE_IDENTIFIER $CONFIG_BUGLY_APP_VERSION $DSYM_SYMBOL_ZIP_FILE\n    done\n\n    if [ $RET = \"F\" ]; then\n        exitWithMessage \"No .dSYM found in ${DSYM_FOLDER}\" 0\n    fi\n}\n\n# 在Xcode工程中执行\nfunction runInXcode(){\n    echo \"Uploading dSYM to Bugly in Xcode ...\"\n\n    echo \"Info.Plist : ${INFOPLIST_FILE}\"\n\n    BUNDLE_VERSION=$(/usr/libexec/PlistBuddy -c 'Print CFBundleVersion' \"${INFOPLIST_FILE}\")\n    BUNDLE_SHORT_VERSION=$(/usr/libexec/PlistBuddy -c 'Print CFBundleShortVersionString' \"${INFOPLIST_FILE}\")\n\n    # 组装Bugly默认识别的版本信息(格式为CFBundleShortVersionString(CFBundleVersion), 例如: 1.0(1))\n    if [ ! \"${CUSTOMIZED_APP_VERSION}\" ]; then\n        BUGLY_APP_VERSION=\"${BUNDLE_SHORT_VERSION}(${BUNDLE_VERSION})\"\n    else\n        BUGLY_APP_VERSION=\"${CUSTOMIZED_APP_VERSION}\"\n    fi\n\n    echo \"--------------------------------\"\n    echo \"Prepare application information.\"\n    echo \"--------------------------------\"\n\n    echo \"Product Name: ${PRODUCT_NAME}\"\n    echo \"Bundle Identifier: ${BUNDLE_IDENTIFIER}\"\n    echo \"Version: ${BUNDLE_SHORT_VERSION}\"\n    echo \"Build: ${BUNDLE_VERSION}\"\n\n    echo \"Bugly App ID: ${BUGLY_APP_ID}\"\n    echo \"Bugly App key: ${BUGLY_APP_KEY}\"\n    echo \"Bugly App Version: ${BUGLY_APP_VERSION}\"\n\n    echo \"--------------------------------\"\n    echo \"Check the arguments ...\"\n\n    ##检查模拟器编译是否允许上传符号\n    if [ \"$EFFECTIVE_PLATFORM_NAME\" == \"-iphonesimulator\" ]; then\n    if [ $UPLOAD_SIMULATOR_SYMBOLS -eq 0 ]; then\n        exitWithMessage \"Warning: Build for simulator and skipping to upload. \\nYou can modify 'UPLOAD_SIMULATOR_SYMBOLS' to 1 in the script.\" 0\n    fi\n    fi\n\n    ##检查是否是Release模式编译\n    if [ \"${CONFIGURATION=}\" == \"Debug\" ]; then\n    if [ $UPLOAD_DEBUG_SYMBOLS -eq 0 ]; then\n        exitWithMessage \"Warning: Build for debug mode and skipping to upload. \\nYou can modify 'UPLOAD_DEBUG_SYMBOLS' to 1 in the script.\" 0\n    fi\n    fi\n\n    ##检查是否Archive操作\n    if [ $UPLOAD_ARCHIVE_ONLY -eq 1 ]; then\n    if [[ \"$TARGET_BUILD_DIR\" == *\"/Archive\"* ]]; then\n        echo \"Archive the package\"\n    else\n        exitWithMessage \"Warning: Build for NOT Archive mode and skipping to upload. \\nYou can modify 'UPLOAD_ARCHIVE_ONLY' to 0 in the script.\" 0\n    fi\n    fi\n\n    #\n    run ${BUGLY_APP_ID} ${BUGLY_APP_KEY} ${BUNDLE_IDENTIFIER} ${BUGLY_APP_VERSION} ${DWARF_DSYM_FOLDER_PATH} ${BUILD_DIR}/BuglySymbolTemp ${UPLOAD_DSYM_ONLY}\n}\n\n# 根据Xcode的环境变量判断是否处于Xcode环境\nINFO_PLIST_FILE=\"${INFOPLIST_FILE}\"\n\nBuildInXcode=\"F\"\nif [ -f \"${INFO_PLIST_FILE}\" ]; then\n    BuildInXcode=\"T\"\nfi\n\nif [ $BuildInXcode = \"T\" ]; then\n    runInXcode\nelse\n    echo \"\\nUsage: dSYMUpload.sh <bugly_app_id> <bugly_app_key> <app_bundle_identifier> <app_version> <dSYM_src_dir> <bSYMBOL_dest_dir> [upload_dsym_only]\\n\"\n    # 你可以在此处直接设置BuglyAppID和BuglyAppKey，排除不常变参数的输入\n    BUGLY_APP_ID=\"$1\"\n    BUGLY_APP_KEY=\"$2\"\n    BUNDLE_IDENTIFIER=\"$3\"\n    BUGLY_APP_VERSION=\"$4\"\n    DWARF_DSYM_FOLDER_PATH=\"$5\"\n    SYMBOL_OUTPUT_PATH=\"$6\"\n    UPLOAD_DSYM_ONLY=$7\n    run ${BUGLY_APP_ID} ${BUGLY_APP_KEY} ${BUNDLE_IDENTIFIER} ${BUGLY_APP_VERSION} ${DWARF_DSYM_FOLDER_PATH} ${SYMBOL_OUTPUT_PATH} ${UPLOAD_DSYM_ONLY}\nfi\n";
		};
		9A9EFD1183BA0923D30440D0 /* [CP] Check Pods Manifest.lock */ = {
			isa = PBXShellScriptBuildPhase;
			buildActionMask = 2147483647;
			files = (
			);
			inputFileListPaths = (
			);
			inputPaths = (
				"${PODS_PODFILE_DIR_PATH}/Podfile.lock",
				"${PODS_ROOT}/Manifest.lock",
			);
			name = "[CP] Check Pods Manifest.lock";
			outputFileListPaths = (
			);
			outputPaths = (
				"$(DERIVED_FILE_DIR)/Pods-TuSDKDemo-checkManifestLockResult.txt",
			);
			runOnlyForDeploymentPostprocessing = 0;
			shellPath = /bin/sh;
			shellScript = "diff \"${PODS_PODFILE_DIR_PATH}/Podfile.lock\" \"${PODS_ROOT}/Manifest.lock\" > /dev/null\nif [ $? != 0 ] ; then\n    # print error to STDERR\n    echo \"error: The sandbox is not in sync with the Podfile.lock. Run 'pod install' or update your CocoaPods installation.\" >&2\n    exit 1\nfi\n# This output is used by Xcode 'outputs' to avoid re-running this script phase.\necho \"SUCCESS\" > \"${SCRIPT_OUTPUT_FILE_0}\"\n";
			showEnvVarsInLog = 0;
		};
/* End PBXShellScriptBuildPhase section */

/* Begin PBXSourcesBuildPhase section */
		62235E7519FE41FA00F05DA6 /* Sources */ = {
			isa = PBXSourcesBuildPhase;
			buildActionMask = 2147483647;
			files = (
				B881071324907C5500CD4448 /* RecordButton.m in Sources */,
				42BACA821D8FB472002B849C /* CameraComponentSample.m in Sources */,
				B88106EC24907C3500CD4448 /* CustomizedNewCameraComponent.m in Sources */,
				B881071B24907C5500CD4448 /* CameraComicsFilterListView.m in Sources */,
				427E6BC61D8F979400DE7BF8 /* CustomizedEditAndCutComponent.m in Sources */,
				427E6BD21D8F979400DE7BF8 /* WipeAndFilterSampleController.m in Sources */,
				B881071024907C5500CD4448 /* ViewSlider.m in Sources */,
				4270539B1DB9B0CE00C62CCC /* SampleBase.m in Sources */,
				B881071424907C5500CD4448 /* HorizontalListView.m in Sources */,
				2AC410222614808700148F8F /* TuCommon.m in Sources */,
				B881071624907C5500CD4448 /* ParametersAdjustView.m in Sources */,
				2AC4101C2614589D00148F8F /* FCFileManager.m in Sources */,
				62235E8219FE41FA00F05DA6 /* AppDelegate.m in Sources */,
				2A6EF76E26A568F800603711 /* JigsawSampleController.m in Sources */,
				427E6BC51D8F979400DE7BF8 /* CustomizedCameraComponent.m in Sources */,
				427E6BD61D8F979400DE7BF8 /* EditAndCutComponentSample.m in Sources */,
				42BACA831D8FB472002B849C /* EditMultipleComponentSample.m in Sources */,
				2AC4101F2614673000148F8F /* JMBubbleFilter.m in Sources */,
				62235E7F19FE41FA00F05DA6 /* main.m in Sources */,
				2A6EF78126A7FC0100603711 /* JigsawLayerItemView.m in Sources */,
				427053981DB9B0CE00C62CCC /* DemoComponentListController.m in Sources */,
				626F59F0248E2DF600CFCA7D /* DefineCAEAGLView.m in Sources */,
				427E6BCE1D8F979400DE7BF8 /* CameraAndEditorSample.m in Sources */,
				42BACA8D1D8FBBB5002B849C /* GeeV2Sample.m in Sources */,
				B881071A24907C5500CD4448 /* CameraFilterPanelView.m in Sources */,
				F860CB6625DFB6AA007B26B9 /* BubbleSampleController.mm in Sources */,
				B881072624908D8300CD4448 /* CameraMoreMenuView.m in Sources */,
				D76BF0E1226F171F00813E99 /* EditPaintDrawComponentSample.m in Sources */,
				B881071124907C5500CD4448 /* PageTabbar.m in Sources */,
				B881071924907C5500CD4448 /* CameraNormalFilterListView.m in Sources */,
				427E6BC31D8F979400DE7BF8 /* AlbumMultipleComponentSample.m in Sources */,
				427E6BD01D8F979400DE7BF8 /* SelfishCameraSample.m in Sources */,
				B881071524907C5500CD4448 /* PhotoCaptureConfirmView.m in Sources */,
				427E6BD11D8F979400DE7BF8 /* StickerSampleController.m in Sources */,
				4270539A1DB9B0CE00C62CCC /* DemoRootViewController.m in Sources */,
				427E6BC21D8F979400DE7BF8 /* AlbumComponentSample.m in Sources */,
				B881071C24907C5500CD4448 /* UIImage+Demo.m in Sources */,
				B881071224907C5500CD4448 /* DemoAppearance.m in Sources */,
				B881072924908DC200CD4448 /* VerticalMenuView.m in Sources */,
				B8A4371825EB745B0015A5E9 /* TUPFPBubbleTextFilter_Info.m in Sources */,
				427E6BD51D8F979400DE7BF8 /* EditAdvancedComponentSample.m in Sources */,
				427E6BD71D8F979400DE7BF8 /* EditAvatarComponentSample.m in Sources */,
				2A6EF77E26A7CC7200603711 /* JigsawLayerView.m in Sources */,
				B881071F2490811B00CD4448 /* CameraControlMaskView.m in Sources */,
				427E6BCF1D8F979400DE7BF8 /* EditFilterSampleController.m in Sources */,
				B881071724907C5500CD4448 /* HorizontalListItemView.m in Sources */,
				427053991DB9B0CE00C62CCC /* DemoRootView.m in Sources */,
				B881071824907C5500CD4448 /* CustomSlider.m in Sources */,
				B8A4371525EB741C0015A5E9 /* TuBubbleView.m in Sources */,
			);
			runOnlyForDeploymentPostprocessing = 0;
		};
/* End PBXSourcesBuildPhase section */

/* Begin PBXVariantGroup section */
		62235EF019FF6C8100F05DA6 /* TuSDK.strings */ = {
			isa = PBXVariantGroup;
			children = (
				62235EF119FF6C8100F05DA6 /* Base */,
				DC5A355E1B4B8B2000691BD4 /* en */,
				DC5013331B9E936F009239FF /* zh-Hant */,
			);
			name = TuSDK.strings;
			sourceTree = "<group>";
		};
		628DEDF51AEA0D5F006CC06C /* Localizable.strings */ = {
			isa = PBXVariantGroup;
			children = (
				628DEDF41AEA0D5F006CC06C /* Base */,
				DC5A355F1B4B8B2400691BD4 /* en */,
				DC5013341B9E936F009239FF /* zh-Hant */,
			);
			name = Localizable.strings;
			sourceTree = "<group>";
		};
		DC86AC921C911E6000891041 /* InfoPlist.strings */ = {
			isa = PBXVariantGroup;
			children = (
				DC86AC931C911E6000891041 /* Base */,
				DC86AC951C911E6900891041 /* En */,
				DC86AC961C911E7200891041 /* zh-Hant */,
			);
			name = InfoPlist.strings;
			sourceTree = "<group>";
		};
/* End PBXVariantGroup section */

/* Begin XCBuildConfiguration section */
		62235E9A19FE41FA00F05DA6 /* Debug */ = {
			isa = XCBuildConfiguration;
			buildSettings = {
				ALWAYS_SEARCH_USER_PATHS = NO;
				CLANG_ANALYZER_LOCALIZABILITY_NONLOCALIZED = YES;
				CLANG_CXX_LANGUAGE_STANDARD = "gnu++0x";
				CLANG_CXX_LIBRARY = "libc++";
				CLANG_ENABLE_MODULES = YES;
				CLANG_ENABLE_OBJC_ARC = YES;
				CLANG_WARN_BLOCK_CAPTURE_AUTORELEASING = YES;
				CLANG_WARN_BOOL_CONVERSION = YES;
				CLANG_WARN_COMMA = YES;
				CLANG_WARN_CONSTANT_CONVERSION = YES;
				CLANG_WARN_DEPRECATED_OBJC_IMPLEMENTATIONS = YES;
				CLANG_WARN_DIRECT_OBJC_ISA_USAGE = YES_ERROR;
				CLANG_WARN_EMPTY_BODY = YES;
				CLANG_WARN_ENUM_CONVERSION = YES;
				CLANG_WARN_INFINITE_RECURSION = YES;
				CLANG_WARN_INT_CONVERSION = YES;
				CLANG_WARN_NON_LITERAL_NULL_CONVERSION = YES;
				CLANG_WARN_OBJC_IMPLICIT_RETAIN_SELF = YES;
				CLANG_WARN_OBJC_LITERAL_CONVERSION = YES;
				CLANG_WARN_OBJC_ROOT_CLASS = YES_ERROR;
				CLANG_WARN_QUOTED_INCLUDE_IN_FRAMEWORK_HEADER = YES;
				CLANG_WARN_RANGE_LOOP_ANALYSIS = YES;
				CLANG_WARN_STRICT_PROTOTYPES = YES;
				CLANG_WARN_SUSPICIOUS_MOVE = YES;
				CLANG_WARN_UNREACHABLE_CODE = YES;
				CLANG_WARN__DUPLICATE_METHOD_MATCH = YES;
				CODE_SIGN_IDENTITY = "iPhone Developer";
				"CODE_SIGN_IDENTITY[sdk=iphoneos*]" = "iPhone Developer";
				COPY_PHASE_STRIP = NO;
				ENABLE_BITCODE = NO;
				ENABLE_STRICT_OBJC_MSGSEND = YES;
				ENABLE_TESTABILITY = YES;
				FRAMEWORK_SEARCH_PATHS = (
					"$(PROJECT_DIR)/../TuSDKGeeV1/build",
					"$(PROJECT_DIR)/../TuSDKGeeV2/build",
					"$(PROJECT_DIR)/TuSDKDemo/Resources",
				);
				GCC_C_LANGUAGE_STANDARD = gnu99;
				GCC_DYNAMIC_NO_PIC = NO;
				GCC_NO_COMMON_BLOCKS = YES;
				GCC_OPTIMIZATION_LEVEL = 0;
				GCC_PREPROCESSOR_DEFINITIONS = (
					"DEBUG=1",
					"$(inherited)",
				);
				GCC_SYMBOLS_PRIVATE_EXTERN = NO;
				GCC_WARN_64_TO_32_BIT_CONVERSION = YES;
				GCC_WARN_ABOUT_RETURN_TYPE = YES_ERROR;
				GCC_WARN_UNDECLARED_SELECTOR = YES;
				GCC_WARN_UNINITIALIZED_AUTOS = YES_AGGRESSIVE;
				GCC_WARN_UNUSED_FUNCTION = YES;
				GCC_WARN_UNUSED_VARIABLE = YES;
				HEADER_SEARCH_PATHS = (
					/Applications/Xcode.app/Contents/Developer/Toolchains/XcodeDefault.xctoolchain/usr/include,
					"../TuSDKGeeV1/framework/Source/**",
					"../TuSDKGeeV2/framework/Source/**",
					"\"$(SRCROOT)/../TuViews/TuViews\"",
					"\"$(SRCROOT)/../TuCamera\"",
					"\"$(SRCROOT)/../../pulse-av/ios/TuSDKPulseCore\"",
					"\"$(SRCROOT)/../../pulse-av/ios/TuSDKPulseCore/TuSDKPulseCore\"",
				);
				IPHONEOS_DEPLOYMENT_TARGET = 9.0;
				MTL_ENABLE_DEBUG_INFO = YES;
				ONLY_ACTIVE_ARCH = YES;
				PROVISIONING_PROFILE = "";
				SDKROOT = iphoneos;
				TARGETED_DEVICE_FAMILY = "1,2";
			};
			name = Debug;
		};
		62235E9B19FE41FA00F05DA6 /* Release */ = {
			isa = XCBuildConfiguration;
			buildSettings = {
				ALWAYS_SEARCH_USER_PATHS = NO;
				CLANG_ANALYZER_LOCALIZABILITY_NONLOCALIZED = YES;
				CLANG_CXX_LANGUAGE_STANDARD = "gnu++0x";
				CLANG_CXX_LIBRARY = "libc++";
				CLANG_ENABLE_MODULES = YES;
				CLANG_ENABLE_OBJC_ARC = YES;
				CLANG_WARN_BLOCK_CAPTURE_AUTORELEASING = YES;
				CLANG_WARN_BOOL_CONVERSION = YES;
				CLANG_WARN_COMMA = YES;
				CLANG_WARN_CONSTANT_CONVERSION = YES;
				CLANG_WARN_DEPRECATED_OBJC_IMPLEMENTATIONS = YES;
				CLANG_WARN_DIRECT_OBJC_ISA_USAGE = YES_ERROR;
				CLANG_WARN_EMPTY_BODY = YES;
				CLANG_WARN_ENUM_CONVERSION = YES;
				CLANG_WARN_INFINITE_RECURSION = YES;
				CLANG_WARN_INT_CONVERSION = YES;
				CLANG_WARN_NON_LITERAL_NULL_CONVERSION = YES;
				CLANG_WARN_OBJC_IMPLICIT_RETAIN_SELF = YES;
				CLANG_WARN_OBJC_LITERAL_CONVERSION = YES;
				CLANG_WARN_OBJC_ROOT_CLASS = YES_ERROR;
				CLANG_WARN_QUOTED_INCLUDE_IN_FRAMEWORK_HEADER = YES;
				CLANG_WARN_RANGE_LOOP_ANALYSIS = YES;
				CLANG_WARN_STRICT_PROTOTYPES = YES;
				CLANG_WARN_SUSPICIOUS_MOVE = YES;
				CLANG_WARN_UNREACHABLE_CODE = YES;
				CLANG_WARN__DUPLICATE_METHOD_MATCH = YES;
				CODE_SIGN_IDENTITY = "iPhone Distribution";
				"CODE_SIGN_IDENTITY[sdk=iphoneos*]" = "iPhone Distribution";
				COPY_PHASE_STRIP = YES;
				ENABLE_BITCODE = NO;
				ENABLE_NS_ASSERTIONS = NO;
				ENABLE_STRICT_OBJC_MSGSEND = YES;
				FRAMEWORK_SEARCH_PATHS = (
					"$(PROJECT_DIR)/../TuSDKGeeV1/build",
					"$(PROJECT_DIR)/../TuSDKGeeV2/build",
					"$(PROJECT_DIR)/TuSDKDemo/Resources",
				);
				GCC_C_LANGUAGE_STANDARD = gnu99;
				GCC_GENERATE_DEBUGGING_SYMBOLS = NO;
				GCC_NO_COMMON_BLOCKS = YES;
				GCC_WARN_64_TO_32_BIT_CONVERSION = YES;
				GCC_WARN_ABOUT_RETURN_TYPE = YES_ERROR;
				GCC_WARN_UNDECLARED_SELECTOR = YES;
				GCC_WARN_UNINITIALIZED_AUTOS = YES_AGGRESSIVE;
				GCC_WARN_UNUSED_FUNCTION = YES;
				GCC_WARN_UNUSED_VARIABLE = YES;
				HEADER_SEARCH_PATHS = (
					/Applications/Xcode.app/Contents/Developer/Toolchains/XcodeDefault.xctoolchain/usr/include,
					"../TuSDKGeeV1/framework/Source/**",
					"../TuSDKGeeV2/framework/Source/**",
					"\"$(SRCROOT)/../TuViews/TuViews\"",
					"\"$(SRCROOT)/../TuCamera\"",
					"\"$(SRCROOT)/../../pulse-av/ios/TuSDKPulseCore\"",
					"\"$(SRCROOT)/../../pulse-av/ios/TuSDKPulseCore/TuSDKPulseCore\"",
				);
				IPHONEOS_DEPLOYMENT_TARGET = 9.0;
				MTL_ENABLE_DEBUG_INFO = NO;
				PROVISIONING_PROFILE = "";
				SDKROOT = iphoneos;
				TARGETED_DEVICE_FAMILY = "1,2";
				VALIDATE_PRODUCT = YES;
			};
			name = Release;
		};
		62235E9D19FE41FA00F05DA6 /* Debug */ = {
			isa = XCBuildConfiguration;
			baseConfigurationReference = 5A354DBF234155F68C7EFEA2 /* Pods-TuSDKDemo.debug.xcconfig */;
			buildSettings = {
				ASSETCATALOG_COMPILER_APPICON_NAME = AppIcon;
				ASSETCATALOG_COMPILER_LAUNCHIMAGE_NAME = LaunchImage;
				CLANG_ALLOW_NON_MODULAR_INCLUDES_IN_FRAMEWORK_MODULES = NO;
				CODE_SIGN_IDENTITY = "Apple Development";
				CODE_SIGN_STYLE = Automatic;
				CURRENT_PROJECT_VERSION = 20210728;
				DEVELOPMENT_TEAM = 9U2KRZU6GT;
				ENABLE_BITCODE = NO;
				FRAMEWORK_SEARCH_PATHS = (
					"$(inherited)",
					"$(PROJECT_DIR)/TuSDKDemo/Resources/TuSDK/**",
					"$(PROJECT_DIR)/TuSDKDemo/Resources/TuSDK",
				);
				GCC_INPUT_FILETYPE = sourcecode.cpp.objcpp;
				GCC_PRECOMPILE_PREFIX_HEADER = YES;
				GCC_PREFIX_HEADER = "TuSDKDemo/TuSDKDemo-Prefix.pch";
				GCC_PREPROCESSOR_DEFINITIONS = "$(inherited)";
				HEADER_SEARCH_PATHS = "$(inherited)";
				INFOPLIST_FILE = TuSDKDemo/Info.plist;
				IPHONEOS_DEPLOYMENT_TARGET = 12.0;
				LD_RUNPATH_SEARCH_PATHS = "$(inherited) @executable_path/Frameworks";
				LIBRARY_SEARCH_PATHS = (
					"$(inherited)",
					"$(PROJECT_DIR)",
				);
				MARKETING_VERSION = 4.1.0;
				OTHER_LDFLAGS = "$(inherited)";
				PRODUCT_BUNDLE_IDENTIFIER = "org.lasque.$(PRODUCT_NAME:rfc1034identifier)";
				PRODUCT_NAME = TuSDKDemo;
				PROVISIONING_PROFILE = "";
				PROVISIONING_PROFILE_SPECIFIER = "";
				TARGETED_DEVICE_FAMILY = 1;
			};
			name = Debug;
		};
		62235E9E19FE41FA00F05DA6 /* Release */ = {
			isa = XCBuildConfiguration;
			baseConfigurationReference = 5BD4A8DCD0065629258033C0 /* Pods-TuSDKDemo.release.xcconfig */;
			buildSettings = {
				ASSETCATALOG_COMPILER_APPICON_NAME = AppIcon;
				ASSETCATALOG_COMPILER_LAUNCHIMAGE_NAME = LaunchImage;
				CLANG_ALLOW_NON_MODULAR_INCLUDES_IN_FRAMEWORK_MODULES = NO;
				CODE_SIGN_IDENTITY = "Apple Development";
				CODE_SIGN_STYLE = Automatic;
				CURRENT_PROJECT_VERSION = 20210728;
				DEVELOPMENT_TEAM = 9U2KRZU6GT;
				ENABLE_BITCODE = NO;
				FRAMEWORK_SEARCH_PATHS = (
					"$(inherited)",
					"$(PROJECT_DIR)/TuSDKDemo/Resources/TuSDK/**",
					"$(PROJECT_DIR)/TuSDKDemo/Resources/TuSDK",
				);
				GCC_INPUT_FILETYPE = sourcecode.cpp.objcpp;
				GCC_OPTIMIZATION_LEVEL = 0;
				GCC_PRECOMPILE_PREFIX_HEADER = YES;
				GCC_PREFIX_HEADER = "TuSDKDemo/TuSDKDemo-Prefix.pch";
				GCC_PREPROCESSOR_DEFINITIONS = "$(inherited)";
				HEADER_SEARCH_PATHS = "$(inherited)";
				INFOPLIST_FILE = TuSDKDemo/Info.plist;
				IPHONEOS_DEPLOYMENT_TARGET = 12.0;
				LD_RUNPATH_SEARCH_PATHS = "$(inherited) @executable_path/Frameworks";
				LIBRARY_SEARCH_PATHS = (
					"$(inherited)",
					"$(PROJECT_DIR)",
				);
				MARKETING_VERSION = 4.1.0;
				OTHER_LDFLAGS = (
					"-ObjC",
					"$(inherited)",
				);
				PRODUCT_BUNDLE_IDENTIFIER = "org.lasque.$(PRODUCT_NAME:rfc1034identifier)";
				PRODUCT_NAME = TuSDKDemo;
				PROVISIONING_PROFILE = "";
				PROVISIONING_PROFILE_SPECIFIER = "";
				TARGETED_DEVICE_FAMILY = 1;
			};
			name = Release;
		};
/* End XCBuildConfiguration section */

/* Begin XCConfigurationList section */
		62235E7419FE41FA00F05DA6 /* Build configuration list for PBXProject "TuSDKDemo" */ = {
			isa = XCConfigurationList;
			buildConfigurations = (
				62235E9A19FE41FA00F05DA6 /* Debug */,
				62235E9B19FE41FA00F05DA6 /* Release */,
			);
			defaultConfigurationIsVisible = 0;
			defaultConfigurationName = Debug;
		};
		62235E9C19FE41FA00F05DA6 /* Build configuration list for PBXNativeTarget "TuSDKDemo" */ = {
			isa = XCConfigurationList;
			buildConfigurations = (
				62235E9D19FE41FA00F05DA6 /* Debug */,
				62235E9E19FE41FA00F05DA6 /* Release */,
			);
			defaultConfigurationIsVisible = 0;
			defaultConfigurationName = Debug;
		};
/* End XCConfigurationList section */
	};
	rootObject = 62235E7119FE41FA00F05DA6 /* Project object */;
}
